// !$*UTF8*$!
{
	archiveVersion = 1;
	classes = {
	};
	objectVersion = 46;
	objects = {
/* Begin PBXBuildFile section */
		11BB9588017D4660B0E7A077 /* CDVNotification.bundle in Resources */ = {isa = PBXBuildFile; fileRef = 3F122DB0DC114F14B4A34A3B /* CDVNotification.bundle */; };
		159730403911430DB44F0645 /* CDVNotification.m in Sources */ = {isa = PBXBuildFile; fileRef = 0C0FE14C3ACB45448CA21BEF /* CDVNotification.m */; };
		1883FFF98644454083848338 /* CDVInAppBrowser.m in Sources */ = {isa = PBXBuildFile; fileRef = 0813EC67E460439592D7E248 /* CDVInAppBrowser.m */; };
		1A5BD195F7E940FAB56BB3B5 /* CDVReachability.m in Sources */ = {isa = PBXBuildFile; fileRef = 2B44C23ED4D341D885F22E40 /* CDVReachability.m */; };
		1D3623260D0F684500981E51 /* AppDelegate.m in Sources */ = {isa = PBXBuildFile; fileRef = 1D3623250D0F684500981E51 /* AppDelegate.m */; };
		1D60589B0D05DD56006BFB54 /* main.m in Sources */ = {isa = PBXBuildFile; fileRef = 29B97316FDCFA39411CA2CEA /* main.m */; };
		1F1E279C2AFE40BC9097A77A /* CDVAssetLibraryFilesystem.m in Sources */ = {isa = PBXBuildFile; fileRef = 394E4837D481424AAA489F95 /* CDVAssetLibraryFilesystem.m */; };
		1F766FE113BBADB100FB74C0 /* Localizable.strings in Resources */ = {isa = PBXBuildFile; fileRef = 1F766FDC13BBADB100FB74C0 /* Localizable.strings */; };
		22B99700E7544435B4BA69B9 /* AdSupport.framework in Frameworks */ = {isa = PBXBuildFile; fileRef = 2B330AA6F7634B8FA211E48E /* AdSupport.framework */; };
		288765FD0DF74451002DB57D /* CoreGraphics.framework in Frameworks */ = {isa = PBXBuildFile; fileRef = 288765FC0DF74451002DB57D /* CoreGraphics.framework */; };
		2A68B02434B7445384561C44 /* CDVSplashScreen.m in Sources */ = {isa = PBXBuildFile; fileRef = 67253D3F52B3421A9F08C24F /* CDVSplashScreen.m */; };
		301BF552109A68D80062928A /* libCordova.a in Frameworks */ = {isa = PBXBuildFile; fileRef = 301BF535109A57CC0062928A /* libCordova.a */; };
		302D95F114D2391D003F00A1 /* MainViewController.m in Sources */ = {isa = PBXBuildFile; fileRef = 302D95EF14D2391D003F00A1 /* MainViewController.m */; };
		302D95F214D2391D003F00A1 /* MainViewController.xib in Resources */ = {isa = PBXBuildFile; fileRef = 302D95F014D2391D003F00A1 /* MainViewController.xib */; };
		305D5FD1115AB8F900A74A75 /* MobileCoreServices.framework in Frameworks */ = {isa = PBXBuildFile; fileRef = 305D5FD0115AB8F900A74A75 /* MobileCoreServices.framework */; };
		308D05371370CCF300D202BF /* icon-72.png in Resources */ = {isa = PBXBuildFile; fileRef = 308D052E1370CCF300D202BF /* icon-72.png */; };
		4C46141C82EB449FA69E7EC0 /* MessageUI.framework in Frameworks */ = {isa = PBXBuildFile; fileRef = DED5F015612A4A86843CEE35 /* MessageUI.framework */; };
		4E08745D298045DEB847214A /* CDVFile.m in Sources */ = {isa = PBXBuildFile; fileRef = 8D052FCDEA8F4DE4B8AC9F08 /* CDVFile.m */; };
		5AEE5B35173C68D80009041E /* CoreLocation.framework in Frameworks */ = {isa = PBXBuildFile; fileRef = 5AEE5B34173C68D80009041E /* CoreLocation.framework */; };
		5B1594DD16A7569C00FEF299 /* AssetsLibrary.framework in Frameworks */ = {isa = PBXBuildFile; fileRef = 5B1594DC16A7569C00FEF299 /* AssetsLibrary.framework */; };
		61F85CAE2F63419B8F99040B /* UniversalAnalyticsPlugin.m in Sources */ = {isa = PBXBuildFile; fileRef = 62C5FD80DC1A4CF3BBD13096 /* UniversalAnalyticsPlugin.m */; };
		7BBC52AAA12E4455B99805A0 /* CDVDevice.m in Sources */ = {isa = PBXBuildFile; fileRef = FE7965E3984E44B18CA5F9A4 /* CDVDevice.m */; };
		7E7966DE1810823500FA85AD /* icon-40.png in Resources */ = {isa = PBXBuildFile; fileRef = 7E7966D41810823500FA85AD /* icon-40.png */; };
		7E7966E01810823500FA85AD /* icon-50.png in Resources */ = {isa = PBXBuildFile; fileRef = 7E7966D61810823500FA85AD /* icon-50.png */; };
		7E7966E41810823500FA85AD /* icon-76.png in Resources */ = {isa = PBXBuildFile; fileRef = 7E7966DA1810823500FA85AD /* icon-76.png */; };
		7E7966E61810823500FA85AD /* icon-small.png in Resources */ = {isa = PBXBuildFile; fileRef = 7E7966DC1810823500FA85AD /* icon-small.png */; };
		811E7959FFF04675BC49C423 /* libz.dylib in Frameworks */ = {isa = PBXBuildFile; fileRef = 7792A7F9A04F46E0A07772AD /* libz.dylib */; };
		8CBD0DD173194365A1E174B3 /* SocialSharing.m in Sources */ = {isa = PBXBuildFile; fileRef = C207BC03017C4838B80C51F6 /* SocialSharing.m */; };
		919389E0E0234C58A821B746 /* CDVFileTransfer.m in Sources */ = {isa = PBXBuildFile; fileRef = 4C40685CC14A4CB28B7ED482 /* CDVFileTransfer.m */; };
		AEBB0E3423024AC69BEFEC78 /* SystemConfiguration.framework in Frameworks */ = {isa = PBXBuildFile; fileRef = 13B463E2E6F44C08ABBAD7AF /* SystemConfiguration.framework */; settings = {ATTRIBUTES = (Weak, ); }; };
		AF51936B581842DCAB6025C3 /* CDVLocalFilesystem.m in Sources */ = {isa = PBXBuildFile; fileRef = 24206E22D5F94335B74ECE9F /* CDVLocalFilesystem.m */; };
		B12DDFEC4D53484F9279A109 /* CoreData.framework in Frameworks */ = {isa = PBXBuildFile; fileRef = 01B2D8E1682542C1A14F9408 /* CoreData.framework */; };
		BE78619A18DE9F80002CE163 /* Images.xcassets in Resources */ = {isa = PBXBuildFile; fileRef = BE78619918DE9F80002CE163 /* Images.xcassets */; };
		BEAB6BFB18DE9BD50062A462 /* libAdIdAccess.a in Frameworks */ = {isa = PBXBuildFile; fileRef = BEAB6BF918DE9BD50062A462 /* libAdIdAccess.a */; };
		BEAB6BFC18DE9BD50062A462 /* libGoogleAnalyticsServices.a in Frameworks */ = {isa = PBXBuildFile; fileRef = BEAB6BFA18DE9BD50062A462 /* libGoogleAnalyticsServices.a */; };
		BEAB6C0A18DE9E840062A462 /* icon-40-2x.png in Resources */ = {isa = PBXBuildFile; fileRef = BEAB6C0018DE9E840062A462 /* icon-40-2x.png */; };
		BEAB6C0B18DE9E840062A462 /* icon-50-2x.png in Resources */ = {isa = PBXBuildFile; fileRef = BEAB6C0118DE9E840062A462 /* icon-50-2x.png */; };
		BEAB6C0C18DE9E840062A462 /* icon-57-2x.png in Resources */ = {isa = PBXBuildFile; fileRef = BEAB6C0218DE9E840062A462 /* icon-57-2x.png */; };
		BEAB6C0D18DE9E840062A462 /* icon-57.png in Resources */ = {isa = PBXBuildFile; fileRef = BEAB6C0318DE9E840062A462 /* icon-57.png */; };
		BEAB6C0E18DE9E840062A462 /* icon-60-2x.png in Resources */ = {isa = PBXBuildFile; fileRef = BEAB6C0418DE9E840062A462 /* icon-60-2x.png */; };
		BEAB6C0F18DE9E840062A462 /* icon-72-2x.png in Resources */ = {isa = PBXBuildFile; fileRef = BEAB6C0518DE9E840062A462 /* icon-72-2x.png */; };
		BEAB6C1018DE9E840062A462 /* icon-76-2x.png in Resources */ = {isa = PBXBuildFile; fileRef = BEAB6C0618DE9E840062A462 /* icon-76-2x.png */; };
		BEAB6C1118DE9E840062A462 /* icon-512-2x.png in Resources */ = {isa = PBXBuildFile; fileRef = BEAB6C0718DE9E840062A462 /* icon-512-2x.png */; };
		BEAB6C1218DE9E840062A462 /* icon-512.png in Resources */ = {isa = PBXBuildFile; fileRef = BEAB6C0818DE9E840062A462 /* icon-512.png */; };
		BEAB6C1318DE9E840062A462 /* icon-small-2x.png in Resources */ = {isa = PBXBuildFile; fileRef = BEAB6C0918DE9E840062A462 /* icon-small-2x.png */; };
		BEAB6C1918DE9EEB0062A462 /* screen-ipad-portrait-2x.png in Resources */ = {isa = PBXBuildFile; fileRef = BEAB6C1418DE9EEB0062A462 /* screen-ipad-portrait-2x.png */; };
		BEAB6C1A18DE9EEB0062A462 /* screen-ipad-portrait.png in Resources */ = {isa = PBXBuildFile; fileRef = BEAB6C1518DE9EEB0062A462 /* screen-ipad-portrait.png */; };
		BEAB6C1B18DE9EEB0062A462 /* screen-iphone-portrait-2x.png in Resources */ = {isa = PBXBuildFile; fileRef = BEAB6C1618DE9EEB0062A462 /* screen-iphone-portrait-2x.png */; };
		BEAB6C1C18DE9EEB0062A462 /* screen-iphone-portrait-568h-2x.png in Resources */ = {isa = PBXBuildFile; fileRef = BEAB6C1718DE9EEB0062A462 /* screen-iphone-portrait-568h-2x.png */; };
		BEAB6C1D18DE9EEB0062A462 /* screen-iphone-portrait.png in Resources */ = {isa = PBXBuildFile; fileRef = BEAB6C1818DE9EEB0062A462 /* screen-iphone-portrait.png */; };
		E067E2A60751499F8CF3A572 /* Social.framework in Frameworks */ = {isa = PBXBuildFile; fileRef = F9981242677341C09997DF07 /* Social.framework */; };
		EA9461134F37452E8BB2B63E /* AudioToolbox.framework in Frameworks */ = {isa = PBXBuildFile; fileRef = BF682F9CA3DF44B6BE02B187 /* AudioToolbox.framework */; settings = {ATTRIBUTES = (Weak, ); }; };
		F27612E56E344B27A07FB04D /* CDVConnection.m in Sources */ = {isa = PBXBuildFile; fileRef = C23FFE81E71A42B8A3E7B6F5 /* CDVConnection.m */; };
		F840E1F1165FE0F500CFE078 /* config.xml in Resources */ = {isa = PBXBuildFile; fileRef = F840E1F0165FE0F500CFE078 /* config.xml */; };
/* End PBXBuildFile section */

/* Begin PBXContainerItemProxy section */
		301BF534109A57CC0062928A /* PBXContainerItemProxy */ = {
			isa = PBXContainerItemProxy;
			containerPortal = 301BF52D109A57CC0062928A /* CordovaLib.xcodeproj */;
			proxyType = 2;
			remoteGlobalIDString = D2AAC07E0554694100DB518D;
			remoteInfo = CordovaLib;
		};
		301BF550109A68C00062928A /* PBXContainerItemProxy */ = {
			isa = PBXContainerItemProxy;
			containerPortal = 301BF52D109A57CC0062928A /* CordovaLib.xcodeproj */;
			proxyType = 1;
			remoteGlobalIDString = D2AAC07D0554694100DB518D;
			remoteInfo = CordovaLib;
		};
/* End PBXContainerItemProxy section */

/* Begin PBXFileReference section */
		01B2D8E1682542C1A14F9408 /* CoreData.framework */ = {isa = PBXFileReference; fileEncoding = 4; lastKnownFileType = wrapper.framework; name = CoreData.framework; path = System/Library/Frameworks/CoreData.framework; sourceTree = SDKROOT; };
		0813EC67E460439592D7E248 /* CDVInAppBrowser.m */ = {isa = PBXFileReference; fileEncoding = 4; lastKnownFileType = sourcecode.c.objc; name = CDVInAppBrowser.m; path = org.apache.cordova.inappbrowser/CDVInAppBrowser.m; sourceTree = "<group>"; };
		0C0FE14C3ACB45448CA21BEF /* CDVNotification.m */ = {isa = PBXFileReference; fileEncoding = 4; lastKnownFileType = sourcecode.c.objc; name = CDVNotification.m; path = org.apache.cordova.dialogs/CDVNotification.m; sourceTree = "<group>"; };
		13B463E2E6F44C08ABBAD7AF /* SystemConfiguration.framework */ = {isa = PBXFileReference; fileEncoding = 4; lastKnownFileType = wrapper.framework; name = SystemConfiguration.framework; path = System/Library/Frameworks/SystemConfiguration.framework; sourceTree = SDKROOT; };
		1D3623240D0F684500981E51 /* AppDelegate.h */ = {isa = PBXFileReference; fileEncoding = 4; lastKnownFileType = sourcecode.c.h; path = AppDelegate.h; sourceTree = "<group>"; };
		1D3623250D0F684500981E51 /* AppDelegate.m */ = {isa = PBXFileReference; fileEncoding = 4; lastKnownFileType = sourcecode.c.objc; path = AppDelegate.m; sourceTree = "<group>"; };
		1D6058910D05DD3D006BFB54 /* Carnegie.app */ = {isa = PBXFileReference; explicitFileType = wrapper.application; includeInIndex = 0; path = Carnegie.app; sourceTree = BUILT_PRODUCTS_DIR; };
		1F766FDD13BBADB100FB74C0 /* en */ = {isa = PBXFileReference; lastKnownFileType = text.plist.strings; name = en; path = Localizable.strings; sourceTree = "<group>"; };
		24206E22D5F94335B74ECE9F /* CDVLocalFilesystem.m */ = {isa = PBXFileReference; fileEncoding = 4; lastKnownFileType = sourcecode.c.objc; name = CDVLocalFilesystem.m; path = org.apache.cordova.file/CDVLocalFilesystem.m; sourceTree = "<group>"; };
		288765FC0DF74451002DB57D /* CoreGraphics.framework */ = {isa = PBXFileReference; lastKnownFileType = wrapper.framework; name = CoreGraphics.framework; path = System/Library/Frameworks/CoreGraphics.framework; sourceTree = SDKROOT; };
		29B97316FDCFA39411CA2CEA /* main.m */ = {isa = PBXFileReference; fileEncoding = 4; lastKnownFileType = sourcecode.c.objc; path = main.m; sourceTree = "<group>"; };
		2B330AA6F7634B8FA211E48E /* AdSupport.framework */ = {isa = PBXFileReference; fileEncoding = 4; lastKnownFileType = wrapper.framework; name = AdSupport.framework; path = System/Library/Frameworks/AdSupport.framework; sourceTree = SDKROOT; };
		2B44C23ED4D341D885F22E40 /* CDVReachability.m */ = {isa = PBXFileReference; fileEncoding = 4; lastKnownFileType = sourcecode.c.objc; name = CDVReachability.m; path = "org.apache.cordova.network-information/CDVReachability.m"; sourceTree = "<group>"; };
		301BF52D109A57CC0062928A /* CordovaLib.xcodeproj */ = {isa = PBXFileReference; lastKnownFileType = "wrapper.pb-project"; name = CordovaLib.xcodeproj; path = CordovaLib/CordovaLib.xcodeproj; sourceTree = "<group>"; };
		301BF56E109A69640062928A /* www */ = {isa = PBXFileReference; lastKnownFileType = folder; path = www; sourceTree = SOURCE_ROOT; };
		302D95EE14D2391D003F00A1 /* MainViewController.h */ = {isa = PBXFileReference; fileEncoding = 4; lastKnownFileType = sourcecode.c.h; path = MainViewController.h; sourceTree = "<group>"; };
		302D95EF14D2391D003F00A1 /* MainViewController.m */ = {isa = PBXFileReference; fileEncoding = 4; lastKnownFileType = sourcecode.c.objc; path = MainViewController.m; sourceTree = "<group>"; };
		302D95F014D2391D003F00A1 /* MainViewController.xib */ = {isa = PBXFileReference; fileEncoding = 4; lastKnownFileType = file.xib; path = MainViewController.xib; sourceTree = "<group>"; };
		305D5FD0115AB8F900A74A75 /* MobileCoreServices.framework */ = {isa = PBXFileReference; lastKnownFileType = wrapper.framework; name = MobileCoreServices.framework; path = System/Library/Frameworks/MobileCoreServices.framework; sourceTree = SDKROOT; };
		308D052E1370CCF300D202BF /* icon-72.png */ = {isa = PBXFileReference; lastKnownFileType = image.png; path = "icon-72.png"; sourceTree = "<group>"; };
		32CA4F630368D1EE00C91783 /* Carnegie-Prefix.pch */ = {isa = PBXFileReference; fileEncoding = 4; lastKnownFileType = sourcecode.c.h; path = "Carnegie-Prefix.pch"; sourceTree = "<group>"; };
		394E4837D481424AAA489F95 /* CDVAssetLibraryFilesystem.m */ = {isa = PBXFileReference; fileEncoding = 4; lastKnownFileType = sourcecode.c.objc; name = CDVAssetLibraryFilesystem.m; path = org.apache.cordova.file/CDVAssetLibraryFilesystem.m; sourceTree = "<group>"; };
		3F122DB0DC114F14B4A34A3B /* CDVNotification.bundle */ = {isa = PBXFileReference; lastKnownFileType = "wrapper.plug-in"; path = CDVNotification.bundle; sourceTree = "<group>"; };
		3FF30D6F9BE1461FA2A36144 /* UniversalAnalyticsPlugin.h */ = {isa = PBXFileReference; fileEncoding = 4; lastKnownFileType = sourcecode.c.h; name = UniversalAnalyticsPlugin.h; path = com.danielcwilson.plugins.googleanalytics/UniversalAnalyticsPlugin.h; sourceTree = "<group>"; };
		4C40685CC14A4CB28B7ED482 /* CDVFileTransfer.m */ = {isa = PBXFileReference; fileEncoding = 4; lastKnownFileType = sourcecode.c.objc; name = CDVFileTransfer.m; path = "org.apache.cordova.file-transfer/CDVFileTransfer.m"; sourceTree = "<group>"; };
		5AEE5B34173C68D80009041E /* CoreLocation.framework */ = {isa = PBXFileReference; lastKnownFileType = wrapper.framework; name = CoreLocation.framework; path = System/Library/Frameworks/CoreLocation.framework; sourceTree = SDKROOT; };
		5B1594DC16A7569C00FEF299 /* AssetsLibrary.framework */ = {isa = PBXFileReference; lastKnownFileType = wrapper.framework; name = AssetsLibrary.framework; path = System/Library/Frameworks/AssetsLibrary.framework; sourceTree = SDKROOT; };
		5CA4826164914DA7BB214682 /* CDVAssetLibraryFilesystem.h */ = {isa = PBXFileReference; fileEncoding = 4; lastKnownFileType = sourcecode.c.h; name = CDVAssetLibraryFilesystem.h; path = org.apache.cordova.file/CDVAssetLibraryFilesystem.h; sourceTree = "<group>"; };
		62C5FD80DC1A4CF3BBD13096 /* UniversalAnalyticsPlugin.m */ = {isa = PBXFileReference; fileEncoding = 4; lastKnownFileType = sourcecode.c.objc; name = UniversalAnalyticsPlugin.m; path = com.danielcwilson.plugins.googleanalytics/UniversalAnalyticsPlugin.m; sourceTree = "<group>"; };
		67253D3F52B3421A9F08C24F /* CDVSplashScreen.m */ = {isa = PBXFileReference; fileEncoding = 4; lastKnownFileType = sourcecode.c.objc; name = CDVSplashScreen.m; path = org.apache.cordova.splashscreen/CDVSplashScreen.m; sourceTree = "<group>"; };
		6B609A342E3745F084AA7CF5 /* CDVFileTransfer.h */ = {isa = PBXFileReference; fileEncoding = 4; lastKnownFileType = sourcecode.c.h; name = CDVFileTransfer.h; path = "org.apache.cordova.file-transfer/CDVFileTransfer.h"; sourceTree = "<group>"; };
		7792A7F9A04F46E0A07772AD /* libz.dylib */ = {isa = PBXFileReference; fileEncoding = 4; lastKnownFileType = "compiled.mach-o.dylib"; name = libz.dylib; path = usr/lib/libz.dylib; sourceTree = SDKROOT; };
		7E7966D41810823500FA85AD /* icon-40.png */ = {isa = PBXFileReference; lastKnownFileType = image.png; path = "icon-40.png"; sourceTree = "<group>"; };
		7E7966D61810823500FA85AD /* icon-50.png */ = {isa = PBXFileReference; lastKnownFileType = image.png; path = "icon-50.png"; sourceTree = "<group>"; };
		7E7966DA1810823500FA85AD /* icon-76.png */ = {isa = PBXFileReference; lastKnownFileType = image.png; path = "icon-76.png"; sourceTree = "<group>"; };
		7E7966DC1810823500FA85AD /* icon-small.png */ = {isa = PBXFileReference; lastKnownFileType = image.png; path = "icon-small.png"; sourceTree = "<group>"; };
		7ED1E7E52C584233B68AD2D5 /* CDVDevice.h */ = {isa = PBXFileReference; fileEncoding = 4; lastKnownFileType = sourcecode.c.h; name = CDVDevice.h; path = org.apache.cordova.device/CDVDevice.h; sourceTree = "<group>"; };
		886FF1F5FC1147DCAC1BE720 /* CDVFile.h */ = {isa = PBXFileReference; fileEncoding = 4; lastKnownFileType = sourcecode.c.h; name = CDVFile.h; path = org.apache.cordova.file/CDVFile.h; sourceTree = "<group>"; };
		8D052FCDEA8F4DE4B8AC9F08 /* CDVFile.m */ = {isa = PBXFileReference; fileEncoding = 4; lastKnownFileType = sourcecode.c.objc; name = CDVFile.m; path = org.apache.cordova.file/CDVFile.m; sourceTree = "<group>"; };
		8D1107310486CEB800E47090 /* Carnegie-Info.plist */ = {isa = PBXFileReference; fileEncoding = 4; lastKnownFileType = text.plist.xml; name = "Carnegie-Info.plist"; path = "../Carnegie-Info.plist"; plistStructureDefinitionIdentifier = "com.apple.xcode.plist.structure-definition.iphone.info-plist"; sourceTree = "<group>"; };
		91759F10D3BB442489AE9882 /* CDVInAppBrowser.h */ = {isa = PBXFileReference; fileEncoding = 4; lastKnownFileType = sourcecode.c.h; name = CDVInAppBrowser.h; path = org.apache.cordova.inappbrowser/CDVInAppBrowser.h; sourceTree = "<group>"; };
		9BF2FFEE9447454A869A5566 /* SocialSharing.h */ = {isa = PBXFileReference; fileEncoding = 4; lastKnownFileType = sourcecode.c.h; name = SocialSharing.h; path = "nl.x-services.plugins.socialsharing/SocialSharing.h"; sourceTree = "<group>"; };
		9F80E71043504C9386BF70BB /* CDVNotification.h */ = {isa = PBXFileReference; fileEncoding = 4; lastKnownFileType = sourcecode.c.h; name = CDVNotification.h; path = org.apache.cordova.dialogs/CDVNotification.h; sourceTree = "<group>"; };
		A32D2F9E8AF94E5A8AF09C6E /* CDVConnection.h */ = {isa = PBXFileReference; fileEncoding = 4; lastKnownFileType = sourcecode.c.h; name = CDVConnection.h; path = "org.apache.cordova.network-information/CDVConnection.h"; sourceTree = "<group>"; };
		AFB2FDED104A4C32A8E18411 /* CDVLocalFilesystem.h */ = {isa = PBXFileReference; fileEncoding = 4; lastKnownFileType = sourcecode.c.h; name = CDVLocalFilesystem.h; path = org.apache.cordova.file/CDVLocalFilesystem.h; sourceTree = "<group>"; };
		BE78619918DE9F80002CE163 /* Images.xcassets */ = {isa = PBXFileReference; lastKnownFileType = folder.assetcatalog; name = Images.xcassets; path = Carnegie/Images.xcassets; sourceTree = SOURCE_ROOT; };
		BE78619B18DEA134002CE163 /* CFNetwork.framework */ = {isa = PBXFileReference; lastKnownFileType = wrapper.framework; name = CFNetwork.framework; path = System/Library/Frameworks/CFNetwork.framework; sourceTree = SDKROOT; };
		BE78619D18DEA169002CE163 /* Foundation.framework */ = {isa = PBXFileReference; lastKnownFileType = wrapper.framework; name = Foundation.framework; path = System/Library/Frameworks/Foundation.framework; sourceTree = SDKROOT; };
		BE78619F18DEA1A0002CE163 /* StoreKit.framework */ = {isa = PBXFileReference; lastKnownFileType = wrapper.framework; name = StoreKit.framework; path = System/Library/Frameworks/StoreKit.framework; sourceTree = SDKROOT; };
		BEAB6BF318DE9BD50062A462 /* GAI.h */ = {isa = PBXFileReference; fileEncoding = 4; lastKnownFileType = sourcecode.c.h; name = GAI.h; path = ../../../../../../Downloads/GoogleAnalyticsServicesiOS_3.03c/GoogleAnalytics/Library/GAI.h; sourceTree = "<group>"; };
		BEAB6BF418DE9BD50062A462 /* GAIDictionaryBuilder.h */ = {isa = PBXFileReference; fileEncoding = 4; lastKnownFileType = sourcecode.c.h; name = GAIDictionaryBuilder.h; path = ../../../../../../Downloads/GoogleAnalyticsServicesiOS_3.03c/GoogleAnalytics/Library/GAIDictionaryBuilder.h; sourceTree = "<group>"; };
		BEAB6BF518DE9BD50062A462 /* GAIFields.h */ = {isa = PBXFileReference; fileEncoding = 4; lastKnownFileType = sourcecode.c.h; name = GAIFields.h; path = ../../../../../../Downloads/GoogleAnalyticsServicesiOS_3.03c/GoogleAnalytics/Library/GAIFields.h; sourceTree = "<group>"; };
		BEAB6BF618DE9BD50062A462 /* GAILogger.h */ = {isa = PBXFileReference; fileEncoding = 4; lastKnownFileType = sourcecode.c.h; name = GAILogger.h; path = ../../../../../../Downloads/GoogleAnalyticsServicesiOS_3.03c/GoogleAnalytics/Library/GAILogger.h; sourceTree = "<group>"; };
		BEAB6BF718DE9BD50062A462 /* GAITrackedViewController.h */ = {isa = PBXFileReference; fileEncoding = 4; lastKnownFileType = sourcecode.c.h; name = GAITrackedViewController.h; path = ../../../../../../Downloads/GoogleAnalyticsServicesiOS_3.03c/GoogleAnalytics/Library/GAITrackedViewController.h; sourceTree = "<group>"; };
		BEAB6BF818DE9BD50062A462 /* GAITracker.h */ = {isa = PBXFileReference; fileEncoding = 4; lastKnownFileType = sourcecode.c.h; name = GAITracker.h; path = ../../../../../../Downloads/GoogleAnalyticsServicesiOS_3.03c/GoogleAnalytics/Library/GAITracker.h; sourceTree = "<group>"; };
		BEAB6BF918DE9BD50062A462 /* libAdIdAccess.a */ = {isa = PBXFileReference; lastKnownFileType = archive.ar; name = libAdIdAccess.a; path = ../../../../../../Downloads/GoogleAnalyticsServicesiOS_3.03c/libAdIdAccess.a; sourceTree = "<group>"; };
		BEAB6BFA18DE9BD50062A462 /* libGoogleAnalyticsServices.a */ = {isa = PBXFileReference; lastKnownFileType = archive.ar; name = libGoogleAnalyticsServices.a; path = ../../../../../../Downloads/GoogleAnalyticsServicesiOS_3.03c/libGoogleAnalyticsServices.a; sourceTree = "<group>"; };
		BEAB6C0018DE9E840062A462 /* icon-40-2x.png */ = {isa = PBXFileReference; lastKnownFileType = image.png; path = "icon-40-2x.png"; sourceTree = "<group>"; };
		BEAB6C0118DE9E840062A462 /* icon-50-2x.png */ = {isa = PBXFileReference; lastKnownFileType = image.png; path = "icon-50-2x.png"; sourceTree = "<group>"; };
		BEAB6C0218DE9E840062A462 /* icon-57-2x.png */ = {isa = PBXFileReference; lastKnownFileType = image.png; path = "icon-57-2x.png"; sourceTree = "<group>"; };
		BEAB6C0318DE9E840062A462 /* icon-57.png */ = {isa = PBXFileReference; lastKnownFileType = image.png; path = "icon-57.png"; sourceTree = "<group>"; };
		BEAB6C0418DE9E840062A462 /* icon-60-2x.png */ = {isa = PBXFileReference; lastKnownFileType = image.png; path = "icon-60-2x.png"; sourceTree = "<group>"; };
		BEAB6C0518DE9E840062A462 /* icon-72-2x.png */ = {isa = PBXFileReference; lastKnownFileType = image.png; path = "icon-72-2x.png"; sourceTree = "<group>"; };
		BEAB6C0618DE9E840062A462 /* icon-76-2x.png */ = {isa = PBXFileReference; lastKnownFileType = image.png; path = "icon-76-2x.png"; sourceTree = "<group>"; };
		BEAB6C0718DE9E840062A462 /* icon-512-2x.png */ = {isa = PBXFileReference; lastKnownFileType = image.png; path = "icon-512-2x.png"; sourceTree = "<group>"; };
		BEAB6C0818DE9E840062A462 /* icon-512.png */ = {isa = PBXFileReference; lastKnownFileType = image.png; path = "icon-512.png"; sourceTree = "<group>"; };
		BEAB6C0918DE9E840062A462 /* icon-small-2x.png */ = {isa = PBXFileReference; lastKnownFileType = image.png; path = "icon-small-2x.png"; sourceTree = "<group>"; };
		BEAB6C1418DE9EEB0062A462 /* screen-ipad-portrait-2x.png */ = {isa = PBXFileReference; lastKnownFileType = image.png; path = "screen-ipad-portrait-2x.png"; sourceTree = "<group>"; };
		BEAB6C1518DE9EEB0062A462 /* screen-ipad-portrait.png */ = {isa = PBXFileReference; lastKnownFileType = image.png; path = "screen-ipad-portrait.png"; sourceTree = "<group>"; };
		BEAB6C1618DE9EEB0062A462 /* screen-iphone-portrait-2x.png */ = {isa = PBXFileReference; lastKnownFileType = image.png; path = "screen-iphone-portrait-2x.png"; sourceTree = "<group>"; };
		BEAB6C1718DE9EEB0062A462 /* screen-iphone-portrait-568h-2x.png */ = {isa = PBXFileReference; lastKnownFileType = image.png; path = "screen-iphone-portrait-568h-2x.png"; sourceTree = "<group>"; };
		BEAB6C1818DE9EEB0062A462 /* screen-iphone-portrait.png */ = {isa = PBXFileReference; lastKnownFileType = image.png; path = "screen-iphone-portrait.png"; sourceTree = "<group>"; };
		BF682F9CA3DF44B6BE02B187 /* AudioToolbox.framework */ = {isa = PBXFileReference; fileEncoding = 4; lastKnownFileType = wrapper.framework; name = AudioToolbox.framework; path = System/Library/Frameworks/AudioToolbox.framework; sourceTree = SDKROOT; };
		BFD80E514A5A44719A7BCCEB /* CDVReachability.h */ = {isa = PBXFileReference; fileEncoding = 4; lastKnownFileType = sourcecode.c.h; name = CDVReachability.h; path = "org.apache.cordova.network-information/CDVReachability.h"; sourceTree = "<group>"; };
		C207BC03017C4838B80C51F6 /* SocialSharing.m */ = {isa = PBXFileReference; fileEncoding = 4; lastKnownFileType = sourcecode.c.objc; name = SocialSharing.m; path = "nl.x-services.plugins.socialsharing/SocialSharing.m"; sourceTree = "<group>"; };
		C23FFE81E71A42B8A3E7B6F5 /* CDVConnection.m */ = {isa = PBXFileReference; fileEncoding = 4; lastKnownFileType = sourcecode.c.objc; name = CDVConnection.m; path = "org.apache.cordova.network-information/CDVConnection.m"; sourceTree = "<group>"; };
		DED5F015612A4A86843CEE35 /* MessageUI.framework */ = {isa = PBXFileReference; fileEncoding = 4; lastKnownFileType = wrapper.framework; name = MessageUI.framework; path = System/Library/Frameworks/MessageUI.framework; sourceTree = SDKROOT; };
		F056D523C5A448E3B915AA3D /* CDVSplashScreen.h */ = {isa = PBXFileReference; fileEncoding = 4; lastKnownFileType = sourcecode.c.h; name = CDVSplashScreen.h; path = org.apache.cordova.splashscreen/CDVSplashScreen.h; sourceTree = "<group>"; };
		F840E1F0165FE0F500CFE078 /* config.xml */ = {isa = PBXFileReference; lastKnownFileType = text.xml; name = config.xml; path = Carnegie/config.xml; sourceTree = "<group>"; };
		F9981242677341C09997DF07 /* Social.framework */ = {isa = PBXFileReference; fileEncoding = 4; lastKnownFileType = wrapper.framework; name = Social.framework; path = System/Library/Frameworks/Social.framework; sourceTree = SDKROOT; };
		FE7965E3984E44B18CA5F9A4 /* CDVDevice.m */ = {isa = PBXFileReference; fileEncoding = 4; lastKnownFileType = sourcecode.c.objc; name = CDVDevice.m; path = org.apache.cordova.device/CDVDevice.m; sourceTree = "<group>"; };
/* End PBXFileReference section */

/* Begin PBXFrameworksBuildPhase section */
		1D60588F0D05DD3D006BFB54 /* Frameworks */ = {
			isa = PBXFrameworksBuildPhase;
			buildActionMask = 2147483647;
			files = (
				5B1594DD16A7569C00FEF299 /* AssetsLibrary.framework in Frameworks */,
				301BF552109A68D80062928A /* libCordova.a in Frameworks */,
				BEAB6BFB18DE9BD50062A462 /* libAdIdAccess.a in Frameworks */,
				BEAB6BFC18DE9BD50062A462 /* libGoogleAnalyticsServices.a in Frameworks */,
				288765FD0DF74451002DB57D /* CoreGraphics.framework in Frameworks */,
				305D5FD1115AB8F900A74A75 /* MobileCoreServices.framework in Frameworks */,
				5AEE5B35173C68D80009041E /* CoreLocation.framework in Frameworks */,
				EA9461134F37452E8BB2B63E /* AudioToolbox.framework in Frameworks */,
				AEBB0E3423024AC69BEFEC78 /* SystemConfiguration.framework in Frameworks */,
				E067E2A60751499F8CF3A572 /* Social.framework in Frameworks */,
				4C46141C82EB449FA69E7EC0 /* MessageUI.framework in Frameworks */,
				B12DDFEC4D53484F9279A109 /* CoreData.framework in Frameworks */,
				22B99700E7544435B4BA69B9 /* AdSupport.framework in Frameworks */,
				811E7959FFF04675BC49C423 /* libz.dylib in Frameworks */,
			);
			runOnlyForDeploymentPostprocessing = 0;
		};
/* End PBXFrameworksBuildPhase section */

/* Begin PBXGroup section */
		080E96DDFE201D6D7F000001 /* Classes */ = {
			isa = PBXGroup;
			children = (
				302D95EE14D2391D003F00A1 /* MainViewController.h */,
				302D95EF14D2391D003F00A1 /* MainViewController.m */,
				302D95F014D2391D003F00A1 /* MainViewController.xib */,
				1D3623240D0F684500981E51 /* AppDelegate.h */,
				1D3623250D0F684500981E51 /* AppDelegate.m */,
			);
			name = Classes;
			path = Carnegie/Classes;
			sourceTree = SOURCE_ROOT;
		};
		19C28FACFE9D520D11CA2CBB /* Products */ = {
			isa = PBXGroup;
			children = (
				1D6058910D05DD3D006BFB54 /* Carnegie.app */,
			);
			name = Products;
			sourceTree = "<group>";
		};
		1F766FDB13BBADB100FB74C0 /* en.lproj */ = {
			isa = PBXGroup;
			children = (
				1F766FDC13BBADB100FB74C0 /* Localizable.strings */,
			);
			path = en.lproj;
			sourceTree = "<group>";
		};
		29B97314FDCFA39411CA2CEA /* CustomTemplate */ = {
			isa = PBXGroup;
			children = (
				F840E1F0165FE0F500CFE078 /* config.xml */,
				301BF56E109A69640062928A /* www */,
				301BF52D109A57CC0062928A /* CordovaLib.xcodeproj */,
				080E96DDFE201D6D7F000001 /* Classes */,
				307C750510C5A3420062BCA9 /* Plugins */,
				29B97315FDCFA39411CA2CEA /* Other Sources */,
				29B97317FDCFA39411CA2CEA /* Resources */,
				29B97323FDCFA39411CA2CEA /* Frameworks */,
				19C28FACFE9D520D11CA2CBB /* Products */,
			);
			name = CustomTemplate;
			sourceTree = "<group>";
		};
		29B97315FDCFA39411CA2CEA /* Other Sources */ = {
			isa = PBXGroup;
			children = (
				32CA4F630368D1EE00C91783 /* Carnegie-Prefix.pch */,
				29B97316FDCFA39411CA2CEA /* main.m */,
			);
			name = "Other Sources";
			path = Carnegie;
			sourceTree = "<group>";
		};
		29B97317FDCFA39411CA2CEA /* Resources */ = {
			isa = PBXGroup;
			children = (
				BE78619918DE9F80002CE163 /* Images.xcassets */,
				1F766FDB13BBADB100FB74C0 /* en.lproj */,
				308D052D1370CCF300D202BF /* icons */,
				308D05311370CCF300D202BF /* splash */,
				8D1107310486CEB800E47090 /* Carnegie-Info.plist */,
				3F122DB0DC114F14B4A34A3B /* CDVNotification.bundle */,
			);
			name = Resources;
			path = Carnegie/Resources;
			sourceTree = "<group>";
		};
		29B97323FDCFA39411CA2CEA /* Frameworks */ = {
			isa = PBXGroup;
			children = (
				BE78619F18DEA1A0002CE163 /* StoreKit.framework */,
				BE78619D18DEA169002CE163 /* Foundation.framework */,
				BE78619B18DEA134002CE163 /* CFNetwork.framework */,
				5AEE5B34173C68D80009041E /* CoreLocation.framework */,
				5B1594DC16A7569C00FEF299 /* AssetsLibrary.framework */,
				288765FC0DF74451002DB57D /* CoreGraphics.framework */,
				305D5FD0115AB8F900A74A75 /* MobileCoreServices.framework */,
				BF682F9CA3DF44B6BE02B187 /* AudioToolbox.framework */,
				13B463E2E6F44C08ABBAD7AF /* SystemConfiguration.framework */,
				F9981242677341C09997DF07 /* Social.framework */,
				DED5F015612A4A86843CEE35 /* MessageUI.framework */,
				01B2D8E1682542C1A14F9408 /* CoreData.framework */,
				2B330AA6F7634B8FA211E48E /* AdSupport.framework */,
				7792A7F9A04F46E0A07772AD /* libz.dylib */,
			);
			name = Frameworks;
			sourceTree = "<group>";
		};
		301BF52E109A57CC0062928A /* Products */ = {
			isa = PBXGroup;
			children = (
				301BF535109A57CC0062928A /* libCordova.a */,
			);
			name = Products;
			sourceTree = "<group>";
		};
		307C750510C5A3420062BCA9 /* Plugins */ = {
			isa = PBXGroup;
			children = (
				BEAB6BF318DE9BD50062A462 /* GAI.h */,
				BEAB6BF418DE9BD50062A462 /* GAIDictionaryBuilder.h */,
				BEAB6BF518DE9BD50062A462 /* GAIFields.h */,
				BEAB6BF618DE9BD50062A462 /* GAILogger.h */,
				BEAB6BF718DE9BD50062A462 /* GAITrackedViewController.h */,
				BEAB6BF818DE9BD50062A462 /* GAITracker.h */,
				BEAB6BF918DE9BD50062A462 /* libAdIdAccess.a */,
				BEAB6BFA18DE9BD50062A462 /* libGoogleAnalyticsServices.a */,
				FE7965E3984E44B18CA5F9A4 /* CDVDevice.m */,
				7ED1E7E52C584233B68AD2D5 /* CDVDevice.h */,
				0C0FE14C3ACB45448CA21BEF /* CDVNotification.m */,
				9F80E71043504C9386BF70BB /* CDVNotification.h */,
				8D052FCDEA8F4DE4B8AC9F08 /* CDVFile.m */,
				24206E22D5F94335B74ECE9F /* CDVLocalFilesystem.m */,
				394E4837D481424AAA489F95 /* CDVAssetLibraryFilesystem.m */,
				886FF1F5FC1147DCAC1BE720 /* CDVFile.h */,
				AFB2FDED104A4C32A8E18411 /* CDVLocalFilesystem.h */,
				5CA4826164914DA7BB214682 /* CDVAssetLibraryFilesystem.h */,
				C23FFE81E71A42B8A3E7B6F5 /* CDVConnection.m */,
				2B44C23ED4D341D885F22E40 /* CDVReachability.m */,
				A32D2F9E8AF94E5A8AF09C6E /* CDVConnection.h */,
				BFD80E514A5A44719A7BCCEB /* CDVReachability.h */,
				67253D3F52B3421A9F08C24F /* CDVSplashScreen.m */,
				F056D523C5A448E3B915AA3D /* CDVSplashScreen.h */,
				4C40685CC14A4CB28B7ED482 /* CDVFileTransfer.m */,
				6B609A342E3745F084AA7CF5 /* CDVFileTransfer.h */,
				0813EC67E460439592D7E248 /* CDVInAppBrowser.m */,
				91759F10D3BB442489AE9882 /* CDVInAppBrowser.h */,
				C207BC03017C4838B80C51F6 /* SocialSharing.m */,
				9BF2FFEE9447454A869A5566 /* SocialSharing.h */,
				62C5FD80DC1A4CF3BBD13096 /* UniversalAnalyticsPlugin.m */,
				3FF30D6F9BE1461FA2A36144 /* UniversalAnalyticsPlugin.h */,
			);
			name = Plugins;
			path = Carnegie/Plugins;
			sourceTree = SOURCE_ROOT;
		};
		308D052D1370CCF300D202BF /* icons */ = {
			isa = PBXGroup;
			children = (
				BEAB6C0018DE9E840062A462 /* icon-40-2x.png */,
				BEAB6C0118DE9E840062A462 /* icon-50-2x.png */,
				BEAB6C0218DE9E840062A462 /* icon-57-2x.png */,
				BEAB6C0318DE9E840062A462 /* icon-57.png */,
				BEAB6C0418DE9E840062A462 /* icon-60-2x.png */,
				BEAB6C0518DE9E840062A462 /* icon-72-2x.png */,
				BEAB6C0618DE9E840062A462 /* icon-76-2x.png */,
				BEAB6C0718DE9E840062A462 /* icon-512-2x.png */,
				BEAB6C0818DE9E840062A462 /* icon-512.png */,
				7E7966D41810823500FA85AD /* icon-40.png */,
				BEAB6C0918DE9E840062A462 /* icon-small-2x.png */,
				7E7966D61810823500FA85AD /* icon-50.png */,
				7E7966DA1810823500FA85AD /* icon-76.png */,
				7E7966DC1810823500FA85AD /* icon-small.png */,
				308D052E1370CCF300D202BF /* icon-72.png */,
			);
			path = icons;
			sourceTree = "<group>";
		};
		308D05311370CCF300D202BF /* splash */ = {
			isa = PBXGroup;
			children = (
				BEAB6C1418DE9EEB0062A462 /* screen-ipad-portrait-2x.png */,
				BEAB6C1518DE9EEB0062A462 /* screen-ipad-portrait.png */,
				BEAB6C1618DE9EEB0062A462 /* screen-iphone-portrait-2x.png */,
				BEAB6C1718DE9EEB0062A462 /* screen-iphone-portrait-568h-2x.png */,
				BEAB6C1818DE9EEB0062A462 /* screen-iphone-portrait.png */,
			);
			path = splash;
			sourceTree = "<group>";
		};
/* End PBXGroup section */

/* Begin PBXNativeTarget section */
		1D6058900D05DD3D006BFB54 /* Carnegie */ = {
			isa = PBXNativeTarget;
			buildConfigurationList = 1D6058960D05DD3E006BFB54 /* Build configuration list for PBXNativeTarget "Carnegie" */;
			buildPhases = (
				304B58A110DAC018002A0835 /* Copy www directory */,
				1D60588D0D05DD3D006BFB54 /* Resources */,
				1D60588E0D05DD3D006BFB54 /* Sources */,
				1D60588F0D05DD3D006BFB54 /* Frameworks */,
			);
			buildRules = (
			);
			dependencies = (
				301BF551109A68C00062928A /* PBXTargetDependency */,
			);
			name = Carnegie;
			productName = Carnegie;
			productReference = 1D6058910D05DD3D006BFB54 /* Carnegie.app */;
			productType = "com.apple.product-type.application";
		};
/* End PBXNativeTarget section */

/* Begin PBXProject section */
		29B97313FDCFA39411CA2CEA /* Project object */ = {
			isa = PBXProject;
			attributes = {
				LastUpgradeCheck = 500;
				TargetAttributes = {
					1D6058900D05DD3D006BFB54 = {
						DevelopmentTeam = MWH3KV3U35;
					};
				};
			};
			buildConfigurationList = C01FCF4E08A954540054247B /* Build configuration list for PBXProject "Carnegie" */;
			compatibilityVersion = "Xcode 3.2";
			developmentRegion = English;
			hasScannedForEncodings = 1;
			knownRegions = (
				English,
				Japanese,
				French,
				German,
				en,
				es,
				de,
				se,
			);
			mainGroup = 29B97314FDCFA39411CA2CEA /* CustomTemplate */;
			projectDirPath = "";
			projectReferences = (
				{
					ProductGroup = 301BF52E109A57CC0062928A /* Products */;
					ProjectRef = 301BF52D109A57CC0062928A /* CordovaLib.xcodeproj */;
				},
			);
			projectRoot = "";
			targets = (
				1D6058900D05DD3D006BFB54 /* Carnegie */,
			);
		};
/* End PBXProject section */

/* Begin PBXReferenceProxy section */
		301BF535109A57CC0062928A /* libCordova.a */ = {
			isa = PBXReferenceProxy;
			fileType = archive.ar;
			path = libCordova.a;
			remoteRef = 301BF534109A57CC0062928A /* PBXContainerItemProxy */;
			sourceTree = BUILT_PRODUCTS_DIR;
		};
/* End PBXReferenceProxy section */

/* Begin PBXResourcesBuildPhase section */
		1D60588D0D05DD3D006BFB54 /* Resources */ = {
			isa = PBXResourcesBuildPhase;
			buildActionMask = 2147483647;
			files = (
				F840E1F1165FE0F500CFE078 /* config.xml in Resources */,
				BE78619A18DE9F80002CE163 /* Images.xcassets in Resources */,
				BEAB6C0E18DE9E840062A462 /* icon-60-2x.png in Resources */,
				7E7966E41810823500FA85AD /* icon-76.png in Resources */,
				BEAB6C0C18DE9E840062A462 /* icon-57-2x.png in Resources */,
				308D05371370CCF300D202BF /* icon-72.png in Resources */,
				BEAB6C0D18DE9E840062A462 /* icon-57.png in Resources */,
				1F766FE113BBADB100FB74C0 /* Localizable.strings in Resources */,
				302D95F214D2391D003F00A1 /* MainViewController.xib in Resources */,
				7E7966E01810823500FA85AD /* icon-50.png in Resources */,
				7E7966E61810823500FA85AD /* icon-small.png in Resources */,
				BEAB6C1918DE9EEB0062A462 /* screen-ipad-portrait-2x.png in Resources */,
				BEAB6C1C18DE9EEB0062A462 /* screen-iphone-portrait-568h-2x.png in Resources */,
				BEAB6C1218DE9E840062A462 /* icon-512.png in Resources */,
				7E7966DE1810823500FA85AD /* icon-40.png in Resources */,
				BEAB6C1118DE9E840062A462 /* icon-512-2x.png in Resources */,
				BEAB6C1D18DE9EEB0062A462 /* screen-iphone-portrait.png in Resources */,
				BEAB6C1318DE9E840062A462 /* icon-small-2x.png in Resources */,
				BEAB6C0B18DE9E840062A462 /* icon-50-2x.png in Resources */,
				BEAB6C1018DE9E840062A462 /* icon-76-2x.png in Resources */,
				BEAB6C1B18DE9EEB0062A462 /* screen-iphone-portrait-2x.png in Resources */,
				BEAB6C0A18DE9E840062A462 /* icon-40-2x.png in Resources */,
				11BB9588017D4660B0E7A077 /* CDVNotification.bundle in Resources */,
				BEAB6C0F18DE9E840062A462 /* icon-72-2x.png in Resources */,
				BEAB6C1A18DE9EEB0062A462 /* screen-ipad-portrait.png in Resources */,
			);
			runOnlyForDeploymentPostprocessing = 0;
		};
/* End PBXResourcesBuildPhase section */

/* Begin PBXShellScriptBuildPhase section */
		304B58A110DAC018002A0835 /* Copy www directory */ = {
			isa = PBXShellScriptBuildPhase;
			buildActionMask = 2147483647;
			files = (
			);
			inputPaths = (
			);
			name = "Copy www directory";
			outputPaths = (
			);
			runOnlyForDeploymentPostprocessing = 0;
			shellPath = /bin/sh;
			shellScript = "cordova/lib/copy-www-build-step.sh";
		};
/* End PBXShellScriptBuildPhase section */

/* Begin PBXSourcesBuildPhase section */
		1D60588E0D05DD3D006BFB54 /* Sources */ = {
			isa = PBXSourcesBuildPhase;
			buildActionMask = 2147483647;
			files = (
				1D60589B0D05DD56006BFB54 /* main.m in Sources */,
				1D3623260D0F684500981E51 /* AppDelegate.m in Sources */,
				302D95F114D2391D003F00A1 /* MainViewController.m in Sources */,
				7BBC52AAA12E4455B99805A0 /* CDVDevice.m in Sources */,
				159730403911430DB44F0645 /* CDVNotification.m in Sources */,
				4E08745D298045DEB847214A /* CDVFile.m in Sources */,
				AF51936B581842DCAB6025C3 /* CDVLocalFilesystem.m in Sources */,
				1F1E279C2AFE40BC9097A77A /* CDVAssetLibraryFilesystem.m in Sources */,
				F27612E56E344B27A07FB04D /* CDVConnection.m in Sources */,
				1A5BD195F7E940FAB56BB3B5 /* CDVReachability.m in Sources */,
				2A68B02434B7445384561C44 /* CDVSplashScreen.m in Sources */,
				919389E0E0234C58A821B746 /* CDVFileTransfer.m in Sources */,
				1883FFF98644454083848338 /* CDVInAppBrowser.m in Sources */,
				8CBD0DD173194365A1E174B3 /* SocialSharing.m in Sources */,
				61F85CAE2F63419B8F99040B /* UniversalAnalyticsPlugin.m in Sources */,
			);
			runOnlyForDeploymentPostprocessing = 0;
		};
/* End PBXSourcesBuildPhase section */

/* Begin PBXTargetDependency section */
		301BF551109A68C00062928A /* PBXTargetDependency */ = {
			isa = PBXTargetDependency;
			name = CordovaLib;
			targetProxy = 301BF550109A68C00062928A /* PBXContainerItemProxy */;
		};
/* End PBXTargetDependency section */

/* Begin PBXVariantGroup section */
		1F766FDC13BBADB100FB74C0 /* Localizable.strings */ = {
			isa = PBXVariantGroup;
			children = (
				1F766FDD13BBADB100FB74C0 /* en */,
			);
			name = Localizable.strings;
			sourceTree = "<group>";
		};
/* End PBXVariantGroup section */

/* Begin XCBuildConfiguration section */
		1D6058940D05DD3E006BFB54 /* Debug */ = {
			isa = XCBuildConfiguration;
			buildSettings = {
				ALWAYS_SEARCH_USER_PATHS = NO;
				ASSETCATALOG_COMPILER_APPICON_NAME = AppIcon;
				ASSETCATALOG_COMPILER_LAUNCHIMAGE_NAME = LaunchImage;
				CLANG_ENABLE_OBJC_ARC = YES;
				CODE_SIGN_IDENTITY = "iPhone Developer: Tim Martin (G3826TZT4X)";
				COMPRESS_PNG_FILES = NO;
				COPY_PHASE_STRIP = NO;
				GCC_DYNAMIC_NO_PIC = NO;
				GCC_OPTIMIZATION_LEVEL = 0;
				GCC_PRECOMPILE_PREFIX_HEADER = YES;
				GCC_PREFIX_HEADER = "Carnegie/Carnegie-Prefix.pch";
				GCC_THUMB_SUPPORT = NO;
				GCC_VERSION = "";
				INFOPLIST_FILE = "Carnegie/Carnegie-Info.plist";
				IPHONEOS_DEPLOYMENT_TARGET = 5.0;
				LIBRARY_SEARCH_PATHS = (
					"$(inherited)",
					"$(PROJECT_DIR)",
					"00-28-35-863/Carnegie/Plugins",
					/Users/kirkelliott/Downloads/GoogleAnalyticsServicesiOS_3.03c,
				);
				OTHER_LDFLAGS = (
					"-weak_framework",
					CoreFoundation,
					"-weak_framework",
					UIKit,
					"-weak_framework",
					AVFoundation,
					"-weak_framework",
					CoreMedia,
					"-weak-lSystem",
					"-force_load",
					"\"$(BUILT_PRODUCTS_DIR)/libCordova.a\"",
					"-ObjC",
				);
				PRODUCT_NAME = Carnegie;
				TARGETED_DEVICE_FAMILY = "1,2";
				VALID_ARCHS = "arm64 armv7 armv7s i386";
			};
			name = Debug;
		};
		1D6058950D05DD3E006BFB54 /* Release */ = {
			isa = XCBuildConfiguration;
			buildSettings = {
				ALWAYS_SEARCH_USER_PATHS = NO;
				ASSETCATALOG_COMPILER_APPICON_NAME = AppIcon;
				ASSETCATALOG_COMPILER_LAUNCHIMAGE_NAME = LaunchImage;
				CLANG_ENABLE_OBJC_ARC = YES;
				CODE_SIGN_IDENTITY = "iPhone Developer: Tim Martin (G3826TZT4X)";
				COMPRESS_PNG_FILES = NO;
				COPY_PHASE_STRIP = YES;
				GCC_PRECOMPILE_PREFIX_HEADER = YES;
				GCC_PREFIX_HEADER = "Carnegie/Carnegie-Prefix.pch";
				GCC_THUMB_SUPPORT = NO;
				GCC_VERSION = "";
				INFOPLIST_FILE = "Carnegie/Carnegie-Info.plist";
				IPHONEOS_DEPLOYMENT_TARGET = 5.0;
				LIBRARY_SEARCH_PATHS = (
					"$(inherited)",
					"$(PROJECT_DIR)",
					"00-28-35-863/Carnegie/Plugins",
					/Users/kirkelliott/Downloads/GoogleAnalyticsServicesiOS_3.03c,
				);
				OTHER_LDFLAGS = (
					"-weak_framework",
					CoreFoundation,
					"-weak_framework",
					UIKit,
					"-weak_framework",
					AVFoundation,
					"-weak_framework",
					CoreMedia,
					"-weak-lSystem",
					"-force_load",
					"\"$(BUILT_PRODUCTS_DIR)/libCordova.a\"",
					"-ObjC",
				);
				PRODUCT_NAME = Carnegie;
				TARGETED_DEVICE_FAMILY = "1,2";
				VALID_ARCHS = "arm64 armv7 armv7s i386";
			};
			name = Release;
		};
		C01FCF4F08A954540054247B /* Debug */ = {
			isa = XCBuildConfiguration;
			buildSettings = {
				CLANG_ENABLE_OBJC_ARC = YES;
				CLANG_WARN_BOOL_CONVERSION = YES;
				CLANG_WARN_CONSTANT_CONVERSION = YES;
				CLANG_WARN_EMPTY_BODY = YES;
				CLANG_WARN_ENUM_CONVERSION = YES;
				CLANG_WARN_INT_CONVERSION = YES;
				CLANG_WARN__DUPLICATE_METHOD_MATCH = YES;
				"CODE_SIGN_IDENTITY[sdk=iphoneos*]" = "iPhone Developer";
				GCC_C_LANGUAGE_STANDARD = c99;
				GCC_THUMB_SUPPORT = NO;
				GCC_VERSION = "";
				GCC_WARN_ABOUT_RETURN_TYPE = YES;
				GCC_WARN_UNDECLARED_SELECTOR = YES;
				GCC_WARN_UNINITIALIZED_AUTOS = YES;
				GCC_WARN_UNUSED_FUNCTION = YES;
				GCC_WARN_UNUSED_VARIABLE = YES;
				HEADER_SEARCH_PATHS = (
					"\"$(TARGET_BUILD_DIR)/usr/local/lib/include\"",
					"\"$(OBJROOT)/UninstalledProducts/include\"",
					"\"$(BUILT_PRODUCTS_DIR)\"",
				);
				IPHONEOS_DEPLOYMENT_TARGET = 5.0;
				ONLY_ACTIVE_ARCH = YES;
				OTHER_LDFLAGS = (
					"-weak_framework",
					CoreFoundation,
					"-weak_framework",
					UIKit,
					"-weak_framework",
					AVFoundation,
					"-weak_framework",
					CoreMedia,
					"-weak-lSystem",
					"-force_load",
					"\"$(BUILT_PRODUCTS_DIR)/libCordova.a\"",
					"-ObjC",
				);
				SDKROOT = iphoneos;
				SKIP_INSTALL = NO;
				USER_HEADER_SEARCH_PATHS = "";
			};
			name = Debug;
		};
		C01FCF5008A954540054247B /* Release */ = {
			isa = XCBuildConfiguration;
			buildSettings = {
				CLANG_ENABLE_OBJC_ARC = YES;
				CLANG_WARN_BOOL_CONVERSION = YES;
				CLANG_WARN_CONSTANT_CONVERSION = YES;
				CLANG_WARN_EMPTY_BODY = YES;
				CLANG_WARN_ENUM_CONVERSION = YES;
				CLANG_WARN_INT_CONVERSION = YES;
				CLANG_WARN__DUPLICATE_METHOD_MATCH = YES;
				"CODE_SIGN_IDENTITY[sdk=iphoneos*]" = "iPhone Developer";
				GCC_C_LANGUAGE_STANDARD = c99;
				GCC_THUMB_SUPPORT = NO;
				GCC_VERSION = "";
				GCC_WARN_ABOUT_RETURN_TYPE = YES;
				GCC_WARN_UNDECLARED_SELECTOR = YES;
				GCC_WARN_UNINITIALIZED_AUTOS = YES;
				GCC_WARN_UNUSED_FUNCTION = YES;
				GCC_WARN_UNUSED_VARIABLE = YES;
				HEADER_SEARCH_PATHS = (
					"\"$(TARGET_BUILD_DIR)/usr/local/lib/include\"",
					"\"$(OBJROOT)/UninstalledProducts/include\"",
					"\"$(BUILT_PRODUCTS_DIR)\"",
				);
				IPHONEOS_DEPLOYMENT_TARGET = 5.0;
				OTHER_LDFLAGS = (
					"-weak_framework",
					CoreFoundation,
					"-weak_framework",
					UIKit,
					"-weak_framework",
					AVFoundation,
					"-weak_framework",
					CoreMedia,
					"-weak-lSystem",
					"-force_load",
					"\"$(BUILT_PRODUCTS_DIR)/libCordova.a\"",
					"-ObjC",
				);
				SDKROOT = iphoneos;
				SKIP_INSTALL = NO;
				USER_HEADER_SEARCH_PATHS = "";
			};
			name = Release;
		};
/* End XCBuildConfiguration section */

/* Begin XCConfigurationList section */
		1D6058960D05DD3E006BFB54 /* Build configuration list for PBXNativeTarget "Carnegie" */ = {
			isa = XCConfigurationList;
			buildConfigurations = (
				1D6058940D05DD3E006BFB54 /* Debug */,
				1D6058950D05DD3E006BFB54 /* Release */,
			);
			defaultConfigurationIsVisible = 0;
			defaultConfigurationName = Release;
		};
		C01FCF4E08A954540054247B /* Build configuration list for PBXProject "Carnegie" */ = {
			isa = XCConfigurationList;
			buildConfigurations = (
				C01FCF4F08A954540054247B /* Debug */,
				C01FCF5008A954540054247B /* Release */,
			);
			defaultConfigurationIsVisible = 0;
			defaultConfigurationName = Release;
		};
/* End XCConfigurationList section */
	};
	rootObject = 29B97313FDCFA39411CA2CEA /* Project object */;
}
