// !$*UTF8*$!
{
	archiveVersion = 1;
	classes = {
	};
	objectVersion = 46;
	objects = {

/* Begin PBXBuildFile section */
		1D3623260D0F684500981E51 /* AppDelegate.m in Sources */ = {isa = PBXBuildFile; fileRef = 1D3623250D0F684500981E51 /* AppDelegate.m */; };
		1D60589B0D05DD56006BFB54 /* main.m in Sources */ = {isa = PBXBuildFile; fileRef = 29B97316FDCFA39411CA2CEA /* main.m */; };
		1F766FE113BBADB100FB74C0 /* Localizable.strings in Resources */ = {isa = PBXBuildFile; fileRef = 1F766FDC13BBADB100FB74C0 /* Localizable.strings */; };
		23FE06693FC54C11907E2B46 /* CDVAssetLibraryFilesystem.m in Sources */ = {isa = PBXBuildFile; fileRef = 79DBCC86F00B4E6E8A494CE6 /* CDVAssetLibraryFilesystem.m */; };
		24562C0AB8CB43B2AD4C1311 /* CDVInAppBrowser.m in Sources */ = {isa = PBXBuildFile; fileRef = 59DBEBDD181B4C90899EE0FA /* CDVInAppBrowser.m */; };
		288765FD0DF74451002DB57D /* CoreGraphics.framework in Frameworks */ = {isa = PBXBuildFile; fileRef = 288765FC0DF74451002DB57D /* CoreGraphics.framework */; };
		2EE40987AC954DA39C6D59F3 /* CDVConnection.m in Sources */ = {isa = PBXBuildFile; fileRef = F0131F50C0F849ADA470CAE8 /* CDVConnection.m */; };
		2F9D6562ECD34AF4A1B87516 /* SocialSharing.m in Sources */ = {isa = PBXBuildFile; fileRef = 7D6BF465CE934F55B8D5CFC3 /* SocialSharing.m */; };
		301BF552109A68D80062928A /* libCordova.a in Frameworks */ = {isa = PBXBuildFile; fileRef = 301BF535109A57CC0062928A /* libCordova.a */; };
		302D95F114D2391D003F00A1 /* MainViewController.m in Sources */ = {isa = PBXBuildFile; fileRef = 302D95EF14D2391D003F00A1 /* MainViewController.m */; };
		302D95F214D2391D003F00A1 /* MainViewController.xib in Resources */ = {isa = PBXBuildFile; fileRef = 302D95F014D2391D003F00A1 /* MainViewController.xib */; };
		305D5FD1115AB8F900A74A75 /* MobileCoreServices.framework in Frameworks */ = {isa = PBXBuildFile; fileRef = 305D5FD0115AB8F900A74A75 /* MobileCoreServices.framework */; };
		3088BBC1154F3926009F9C59 /* Default@2x~iphone.png in Resources */ = {isa = PBXBuildFile; fileRef = 3088BBBB154F3926009F9C59 /* Default@2x~iphone.png */; };
		3088BBC2154F3926009F9C59 /* Default~iphone.png in Resources */ = {isa = PBXBuildFile; fileRef = 3088BBBC154F3926009F9C59 /* Default~iphone.png */; };
		484A052EBB6C46809558DDBF /* CoreData.framework in Frameworks */ = {isa = PBXBuildFile; fileRef = 7CC114B5FBFA46B1A8420BD0 /* CoreData.framework */; };
		5AEE5B35173C68D80009041E /* CoreLocation.framework in Frameworks */ = {isa = PBXBuildFile; fileRef = 5AEE5B34173C68D80009041E /* CoreLocation.framework */; };
		5B1594DD16A7569C00FEF299 /* AssetsLibrary.framework in Frameworks */ = {isa = PBXBuildFile; fileRef = 5B1594DC16A7569C00FEF299 /* AssetsLibrary.framework */; };
		6444A702F6E244748C70FE4B /* CDVLocalFilesystem.m in Sources */ = {isa = PBXBuildFile; fileRef = 7DF9885EF259449B814FBD6D /* CDVLocalFilesystem.m */; };
		6BC5864BEAD64A2593D9B322 /* AdSupport.framework in Frameworks */ = {isa = PBXBuildFile; fileRef = 305DDB06A4A7420094A20408 /* AdSupport.framework */; };
		761EF253EB4E430D8741DCBA /* Social.framework in Frameworks */ = {isa = PBXBuildFile; fileRef = 2BBCA9CF35B14660B31FC767 /* Social.framework */; };
		79AE0EE21C6342E0AF2FB54C /* UniversalAnalyticsPlugin.m in Sources */ = {isa = PBXBuildFile; fileRef = 283714C30ABF418E99C43AC3 /* UniversalAnalyticsPlugin.m */; };
		869AFA8041FC444290D5A537 /* CDVFileTransfer.m in Sources */ = {isa = PBXBuildFile; fileRef = 9FC75AC0FD914FC6BCDE11B6 /* CDVFileTransfer.m */; };
		8F00455FFAF948F889D28C35 /* CDVNotification.bundle in Resources */ = {isa = PBXBuildFile; fileRef = EDCE30D8B4454B14BF48ABD1 /* CDVNotification.bundle */; };
		8FECB4A5B271438E851C455A /* CDVSplashScreen.m in Sources */ = {isa = PBXBuildFile; fileRef = 7F10094408DD47AD95F0D5A1 /* CDVSplashScreen.m */; };
		9581A50F35E24AC4A5BBECC1 /* CDVNotification.m in Sources */ = {isa = PBXBuildFile; fileRef = D35BEFD3C369458F93C4E2C2 /* CDVNotification.m */; };
		B26815F5BB5C45BCA576FF5F /* libz.dylib in Frameworks */ = {isa = PBXBuildFile; fileRef = 966E9F0CBBA9460488F1AC4B /* libz.dylib */; };
		BEAB990818D9F8CA00E5090A /* icon-40-2x.png in Resources */ = {isa = PBXBuildFile; fileRef = BEAB98F918D9F8CA00E5090A /* icon-40-2x.png */; };
		BEAB990918D9F8CA00E5090A /* icon-40.png in Resources */ = {isa = PBXBuildFile; fileRef = BEAB98FA18D9F8CA00E5090A /* icon-40.png */; };
		BEAB990A18D9F8CA00E5090A /* icon-50-2x.png in Resources */ = {isa = PBXBuildFile; fileRef = BEAB98FB18D9F8CA00E5090A /* icon-50-2x.png */; };
		BEAB990B18D9F8CA00E5090A /* icon-50.png in Resources */ = {isa = PBXBuildFile; fileRef = BEAB98FC18D9F8CA00E5090A /* icon-50.png */; };
		BEAB990C18D9F8CA00E5090A /* icon-57-2x.png in Resources */ = {isa = PBXBuildFile; fileRef = BEAB98FD18D9F8CA00E5090A /* icon-57-2x.png */; };
		BEAB990D18D9F8CA00E5090A /* icon-57.png in Resources */ = {isa = PBXBuildFile; fileRef = BEAB98FE18D9F8CA00E5090A /* icon-57.png */; };
		BEAB990E18D9F8CA00E5090A /* icon-60-2x.png in Resources */ = {isa = PBXBuildFile; fileRef = BEAB98FF18D9F8CA00E5090A /* icon-60-2x.png */; };
		BEAB990F18D9F8CA00E5090A /* icon-72-2x.png in Resources */ = {isa = PBXBuildFile; fileRef = BEAB990018D9F8CA00E5090A /* icon-72-2x.png */; };
		BEAB991018D9F8CA00E5090A /* icon-72.png in Resources */ = {isa = PBXBuildFile; fileRef = BEAB990118D9F8CA00E5090A /* icon-72.png */; };
		BEAB991118D9F8CA00E5090A /* icon-76-2x.png in Resources */ = {isa = PBXBuildFile; fileRef = BEAB990218D9F8CA00E5090A /* icon-76-2x.png */; };
		BEAB991218D9F8CA00E5090A /* icon-76.png in Resources */ = {isa = PBXBuildFile; fileRef = BEAB990318D9F8CA00E5090A /* icon-76.png */; };
		BEAB991318D9F8CA00E5090A /* icon-512-2x.png in Resources */ = {isa = PBXBuildFile; fileRef = BEAB990418D9F8CA00E5090A /* icon-512-2x.png */; };
		BEAB991418D9F8CA00E5090A /* icon-512.png in Resources */ = {isa = PBXBuildFile; fileRef = BEAB990518D9F8CA00E5090A /* icon-512.png */; };
		BEAB991518D9F8CA00E5090A /* icon-small-2x.png in Resources */ = {isa = PBXBuildFile; fileRef = BEAB990618D9F8CA00E5090A /* icon-small-2x.png */; };
		BEAB991618D9F8CA00E5090A /* icon-small.png in Resources */ = {isa = PBXBuildFile; fileRef = BEAB990718D9F8CA00E5090A /* icon-small.png */; };
		BEAB994C18DA924000E5090A /* Images.xcassets in Resources */ = {isa = PBXBuildFile; fileRef = BEAB994B18DA924000E5090A /* Images.xcassets */; };
		BEAB997718DD314900E5090A /* libGoogleAnalyticsServices.a in Frameworks */ = {isa = PBXBuildFile; fileRef = BEAB997618DD314900E5090A /* libGoogleAnalyticsServices.a */; };
		BEAB999718DD46AD00E5090A /* Default-Portrait.png in Resources */ = {isa = PBXBuildFile; fileRef = BEAB999518DD46AD00E5090A /* Default-Portrait.png */; };
		BEAB999818DD46AD00E5090A /* Default@2x-Portrait.png in Resources */ = {isa = PBXBuildFile; fileRef = BEAB999618DD46AD00E5090A /* Default@2x-Portrait.png */; };
		BEAB999E18DD47DB00E5090A /* Default-Portrait-7.png in Resources */ = {isa = PBXBuildFile; fileRef = BEAB999C18DD47DB00E5090A /* Default-Portrait-7.png */; };
		BEAB999F18DD47DB00E5090A /* Default@2x-Portrait-7.png in Resources */ = {isa = PBXBuildFile; fileRef = BEAB999D18DD47DB00E5090A /* Default@2x-Portrait-7.png */; };
		C9065F8306014C02B75214D5 /* CDVReachability.m in Sources */ = {isa = PBXBuildFile; fileRef = 5C6C246E87B44A6B9E39B8A1 /* CDVReachability.m */; };
		CBF4C2B4EA094ACB9D1489EC /* CDVDevice.m in Sources */ = {isa = PBXBuildFile; fileRef = 953F58DE3AE64A90A9715D94 /* CDVDevice.m */; };
		CE1D1D9194554D54A7A1BC60 /* MessageUI.framework in Frameworks */ = {isa = PBXBuildFile; fileRef = D86D1A50FDB4461EBCC6E1EA /* MessageUI.framework */; };
		D4A0D8761607E02300AEF8BB /* Default-568h@2x~iphone.png in Resources */ = {isa = PBXBuildFile; fileRef = D4A0D8751607E02300AEF8BB /* Default-568h@2x~iphone.png */; };
		E8D12CF725A74A7582E1AF3A /* CDVFile.m in Sources */ = {isa = PBXBuildFile; fileRef = 155B9F475A7D4B4B9EFE9FEC /* CDVFile.m */; };
		F94B2FBB7132495DAE96C34F /* AudioToolbox.framework in Frameworks */ = {isa = PBXBuildFile; fileRef = 30B08D3826E5476F9F467454 /* AudioToolbox.framework */; settings = {ATTRIBUTES = (Weak, ); }; };
		FF0A24F765EB4CD5B19B5870 /* SystemConfiguration.framework in Frameworks */ = {isa = PBXBuildFile; fileRef = 431724F8700348CBAF6BBD47 /* SystemConfiguration.framework */; settings = {ATTRIBUTES = (Weak, ); }; };
/* End PBXBuildFile section */

/* Begin PBXContainerItemProxy section */
		301BF534109A57CC0062928A /* PBXContainerItemProxy */ = {
			isa = PBXContainerItemProxy;
			containerPortal = 301BF52D109A57CC0062928A /* CordovaLib.xcodeproj */;
			proxyType = 2;
			remoteGlobalIDString = D2AAC07E0554694100DB518D;
			remoteInfo = CordovaLib;
		};
		301BF550109A68C00062928A /* PBXContainerItemProxy */ = {
			isa = PBXContainerItemProxy;
			containerPortal = 301BF52D109A57CC0062928A /* CordovaLib.xcodeproj */;
			proxyType = 1;
			remoteGlobalIDString = D2AAC07D0554694100DB518D;
			remoteInfo = CordovaLib;
		};
/* End PBXContainerItemProxy section */

/* Begin PBXFileReference section */
		03727760328E403580BD4AE2 /* CDVInAppBrowser.h */ = {isa = PBXFileReference; fileEncoding = 4; lastKnownFileType = sourcecode.c.h; name = CDVInAppBrowser.h; path = org.apache.cordova.inappbrowser/CDVInAppBrowser.h; sourceTree = "<group>"; };
		068F13A0836D41778FE5E8F3 /* CDVFileTransfer.h */ = {isa = PBXFileReference; fileEncoding = 4; lastKnownFileType = sourcecode.c.h; name = CDVFileTransfer.h; path = "org.apache.cordova.file-transfer/CDVFileTransfer.h"; sourceTree = "<group>"; };
		0A1C33188FD94996973B9156 /* CDVNotification.h */ = {isa = PBXFileReference; fileEncoding = 4; lastKnownFileType = sourcecode.c.h; name = CDVNotification.h; path = org.apache.cordova.dialogs/CDVNotification.h; sourceTree = "<group>"; };
		155B9F475A7D4B4B9EFE9FEC /* CDVFile.m */ = {isa = PBXFileReference; fileEncoding = 4; lastKnownFileType = sourcecode.c.objc; name = CDVFile.m; path = org.apache.cordova.file/CDVFile.m; sourceTree = "<group>"; };
		1D3623240D0F684500981E51 /* AppDelegate.h */ = {isa = PBXFileReference; fileEncoding = 4; lastKnownFileType = sourcecode.c.h; path = AppDelegate.h; sourceTree = "<group>"; };
		1D3623250D0F684500981E51 /* AppDelegate.m */ = {isa = PBXFileReference; fileEncoding = 4; lastKnownFileType = sourcecode.c.objc; path = AppDelegate.m; sourceTree = "<group>"; };
		1D6058910D05DD3D006BFB54 /* Carnegie.app */ = {isa = PBXFileReference; explicitFileType = wrapper.application; includeInIndex = 0; path = Carnegie.app; sourceTree = BUILT_PRODUCTS_DIR; };
		1F766FDD13BBADB100FB74C0 /* en */ = {isa = PBXFileReference; lastKnownFileType = text.plist.strings; name = en; path = Localizable.strings; sourceTree = "<group>"; };
		283714C30ABF418E99C43AC3 /* UniversalAnalyticsPlugin.m */ = {isa = PBXFileReference; fileEncoding = 4; lastKnownFileType = sourcecode.c.objc; name = UniversalAnalyticsPlugin.m; path = com.danielcwilson.plugins.googleanalytics/UniversalAnalyticsPlugin.m; sourceTree = "<group>"; };
		288765FC0DF74451002DB57D /* CoreGraphics.framework */ = {isa = PBXFileReference; lastKnownFileType = wrapper.framework; name = CoreGraphics.framework; path = System/Library/Frameworks/CoreGraphics.framework; sourceTree = SDKROOT; };
		29B97316FDCFA39411CA2CEA /* main.m */ = {isa = PBXFileReference; fileEncoding = 4; lastKnownFileType = sourcecode.c.objc; path = main.m; sourceTree = "<group>"; };
		2BBCA9CF35B14660B31FC767 /* Social.framework */ = {isa = PBXFileReference; fileEncoding = 4; lastKnownFileType = wrapper.framework; name = Social.framework; path = System/Library/Frameworks/Social.framework; sourceTree = SDKROOT; };
		301BF52D109A57CC0062928A /* CordovaLib.xcodeproj */ = {isa = PBXFileReference; lastKnownFileType = "wrapper.pb-project"; name = CordovaLib.xcodeproj; path = CordovaLib/CordovaLib.xcodeproj; sourceTree = "<group>"; };
		301BF56E109A69640062928A /* www */ = {isa = PBXFileReference; lastKnownFileType = folder; path = www; sourceTree = SOURCE_ROOT; };
		302D95EE14D2391D003F00A1 /* MainViewController.h */ = {isa = PBXFileReference; fileEncoding = 4; lastKnownFileType = sourcecode.c.h; path = MainViewController.h; sourceTree = "<group>"; };
		302D95EF14D2391D003F00A1 /* MainViewController.m */ = {isa = PBXFileReference; fileEncoding = 4; lastKnownFileType = sourcecode.c.objc; path = MainViewController.m; sourceTree = "<group>"; };
		302D95F014D2391D003F00A1 /* MainViewController.xib */ = {isa = PBXFileReference; fileEncoding = 4; lastKnownFileType = file.xib; path = MainViewController.xib; sourceTree = "<group>"; };
		305D5FD0115AB8F900A74A75 /* MobileCoreServices.framework */ = {isa = PBXFileReference; lastKnownFileType = wrapper.framework; name = MobileCoreServices.framework; path = System/Library/Frameworks/MobileCoreServices.framework; sourceTree = SDKROOT; };
		305DDB06A4A7420094A20408 /* AdSupport.framework */ = {isa = PBXFileReference; fileEncoding = 4; lastKnownFileType = wrapper.framework; name = AdSupport.framework; path = System/Library/Frameworks/AdSupport.framework; sourceTree = SDKROOT; };
		3088BBBB154F3926009F9C59 /* Default@2x~iphone.png */ = {isa = PBXFileReference; lastKnownFileType = image.png; path = "Default@2x~iphone.png"; sourceTree = "<group>"; };
		3088BBBC154F3926009F9C59 /* Default~iphone.png */ = {isa = PBXFileReference; lastKnownFileType = image.png; path = "Default~iphone.png"; sourceTree = "<group>"; };
		30B08D3826E5476F9F467454 /* AudioToolbox.framework */ = {isa = PBXFileReference; fileEncoding = 4; lastKnownFileType = wrapper.framework; name = AudioToolbox.framework; path = System/Library/Frameworks/AudioToolbox.framework; sourceTree = SDKROOT; };
		32CA4F630368D1EE00C91783 /* Carnegie-Prefix.pch */ = {isa = PBXFileReference; fileEncoding = 4; lastKnownFileType = sourcecode.c.h; path = "Carnegie-Prefix.pch"; sourceTree = "<group>"; };
		34ED2201D414484A9C8DC62E /* CDVConnection.h */ = {isa = PBXFileReference; fileEncoding = 4; lastKnownFileType = sourcecode.c.h; name = CDVConnection.h; path = "org.apache.cordova.network-information/CDVConnection.h"; sourceTree = "<group>"; };
		3F14F89C1AEF4EE6A23BF373 /* CDVReachability.h */ = {isa = PBXFileReference; fileEncoding = 4; lastKnownFileType = sourcecode.c.h; name = CDVReachability.h; path = "org.apache.cordova.network-information/CDVReachability.h"; sourceTree = "<group>"; };
		431724F8700348CBAF6BBD47 /* SystemConfiguration.framework */ = {isa = PBXFileReference; fileEncoding = 4; lastKnownFileType = wrapper.framework; name = SystemConfiguration.framework; path = System/Library/Frameworks/SystemConfiguration.framework; sourceTree = SDKROOT; };
		43316D3486654367BAC92628 /* CDVAssetLibraryFilesystem.h */ = {isa = PBXFileReference; fileEncoding = 4; lastKnownFileType = sourcecode.c.h; name = CDVAssetLibraryFilesystem.h; path = org.apache.cordova.file/CDVAssetLibraryFilesystem.h; sourceTree = "<group>"; };
		4C5063D3F59542B7BBBAA88C /* CDVLocalFilesystem.h */ = {isa = PBXFileReference; fileEncoding = 4; lastKnownFileType = sourcecode.c.h; name = CDVLocalFilesystem.h; path = org.apache.cordova.file/CDVLocalFilesystem.h; sourceTree = "<group>"; };
		59DBEBDD181B4C90899EE0FA /* CDVInAppBrowser.m */ = {isa = PBXFileReference; fileEncoding = 4; lastKnownFileType = sourcecode.c.objc; name = CDVInAppBrowser.m; path = org.apache.cordova.inappbrowser/CDVInAppBrowser.m; sourceTree = "<group>"; };
		5AEE5B34173C68D80009041E /* CoreLocation.framework */ = {isa = PBXFileReference; lastKnownFileType = wrapper.framework; name = CoreLocation.framework; path = System/Library/Frameworks/CoreLocation.framework; sourceTree = SDKROOT; };
		5B1594DC16A7569C00FEF299 /* AssetsLibrary.framework */ = {isa = PBXFileReference; lastKnownFileType = wrapper.framework; name = AssetsLibrary.framework; path = System/Library/Frameworks/AssetsLibrary.framework; sourceTree = SDKROOT; };
		5C6C246E87B44A6B9E39B8A1 /* CDVReachability.m */ = {isa = PBXFileReference; fileEncoding = 4; lastKnownFileType = sourcecode.c.objc; name = CDVReachability.m; path = "org.apache.cordova.network-information/CDVReachability.m"; sourceTree = "<group>"; };
		79DBCC86F00B4E6E8A494CE6 /* CDVAssetLibraryFilesystem.m */ = {isa = PBXFileReference; fileEncoding = 4; lastKnownFileType = sourcecode.c.objc; name = CDVAssetLibraryFilesystem.m; path = org.apache.cordova.file/CDVAssetLibraryFilesystem.m; sourceTree = "<group>"; };
		7CC114B5FBFA46B1A8420BD0 /* CoreData.framework */ = {isa = PBXFileReference; fileEncoding = 4; lastKnownFileType = wrapper.framework; name = CoreData.framework; path = System/Library/Frameworks/CoreData.framework; sourceTree = SDKROOT; };
		7D6BF465CE934F55B8D5CFC3 /* SocialSharing.m */ = {isa = PBXFileReference; fileEncoding = 4; lastKnownFileType = sourcecode.c.objc; name = SocialSharing.m; path = "nl.x-services.plugins.socialsharing/SocialSharing.m"; sourceTree = "<group>"; };
		7DF9885EF259449B814FBD6D /* CDVLocalFilesystem.m */ = {isa = PBXFileReference; fileEncoding = 4; lastKnownFileType = sourcecode.c.objc; name = CDVLocalFilesystem.m; path = org.apache.cordova.file/CDVLocalFilesystem.m; sourceTree = "<group>"; };
		7F10094408DD47AD95F0D5A1 /* CDVSplashScreen.m */ = {isa = PBXFileReference; fileEncoding = 4; lastKnownFileType = sourcecode.c.objc; name = CDVSplashScreen.m; path = org.apache.cordova.splashscreen/CDVSplashScreen.m; sourceTree = "<group>"; };
		84B9AC1E1D7B4F788207F0F7 /* SocialSharing.h */ = {isa = PBXFileReference; fileEncoding = 4; lastKnownFileType = sourcecode.c.h; name = SocialSharing.h; path = "nl.x-services.plugins.socialsharing/SocialSharing.h"; sourceTree = "<group>"; };
		8D1107310486CEB800E47090 /* Carnegie-Info.plist */ = {isa = PBXFileReference; fileEncoding = 4; lastKnownFileType = text.plist.xml; name = "Carnegie-Info.plist"; path = "../Carnegie-Info.plist"; plistStructureDefinitionIdentifier = "com.apple.xcode.plist.structure-definition.iphone.info-plist"; sourceTree = "<group>"; };
		953F58DE3AE64A90A9715D94 /* CDVDevice.m */ = {isa = PBXFileReference; fileEncoding = 4; lastKnownFileType = sourcecode.c.objc; name = CDVDevice.m; path = org.apache.cordova.device/CDVDevice.m; sourceTree = "<group>"; };
		966E9F0CBBA9460488F1AC4B /* libz.dylib */ = {isa = PBXFileReference; fileEncoding = 4; lastKnownFileType = "compiled.mach-o.dylib"; name = libz.dylib; path = usr/lib/libz.dylib; sourceTree = SDKROOT; };
		973D658ACD0E47CC85F84DE3 /* CDVSplashScreen.h */ = {isa = PBXFileReference; fileEncoding = 4; lastKnownFileType = sourcecode.c.h; name = CDVSplashScreen.h; path = org.apache.cordova.splashscreen/CDVSplashScreen.h; sourceTree = "<group>"; };
		9FC75AC0FD914FC6BCDE11B6 /* CDVFileTransfer.m */ = {isa = PBXFileReference; fileEncoding = 4; lastKnownFileType = sourcecode.c.objc; name = CDVFileTransfer.m; path = "org.apache.cordova.file-transfer/CDVFileTransfer.m"; sourceTree = "<group>"; };
		A9A84DADCFF4422A9B3C2DED /* CDVDevice.h */ = {isa = PBXFileReference; fileEncoding = 4; lastKnownFileType = sourcecode.c.h; name = CDVDevice.h; path = org.apache.cordova.device/CDVDevice.h; sourceTree = "<group>"; };
		B41C194888FE461299E695F6 /* CDVFile.h */ = {isa = PBXFileReference; fileEncoding = 4; lastKnownFileType = sourcecode.c.h; name = CDVFile.h; path = org.apache.cordova.file/CDVFile.h; sourceTree = "<group>"; };
		BEAB98F918D9F8CA00E5090A /* icon-40-2x.png */ = {isa = PBXFileReference; lastKnownFileType = image.png; path = "icon-40-2x.png"; sourceTree = "<group>"; };
		BEAB98FA18D9F8CA00E5090A /* icon-40.png */ = {isa = PBXFileReference; lastKnownFileType = image.png; path = "icon-40.png"; sourceTree = "<group>"; };
		BEAB98FB18D9F8CA00E5090A /* icon-50-2x.png */ = {isa = PBXFileReference; lastKnownFileType = image.png; path = "icon-50-2x.png"; sourceTree = "<group>"; };
		BEAB98FC18D9F8CA00E5090A /* icon-50.png */ = {isa = PBXFileReference; lastKnownFileType = image.png; path = "icon-50.png"; sourceTree = "<group>"; };
		BEAB98FD18D9F8CA00E5090A /* icon-57-2x.png */ = {isa = PBXFileReference; lastKnownFileType = image.png; path = "icon-57-2x.png"; sourceTree = "<group>"; };
		BEAB98FE18D9F8CA00E5090A /* icon-57.png */ = {isa = PBXFileReference; lastKnownFileType = image.png; path = "icon-57.png"; sourceTree = "<group>"; };
		BEAB98FF18D9F8CA00E5090A /* icon-60-2x.png */ = {isa = PBXFileReference; lastKnownFileType = image.png; path = "icon-60-2x.png"; sourceTree = "<group>"; };
		BEAB990018D9F8CA00E5090A /* icon-72-2x.png */ = {isa = PBXFileReference; lastKnownFileType = image.png; path = "icon-72-2x.png"; sourceTree = "<group>"; };
		BEAB990118D9F8CA00E5090A /* icon-72.png */ = {isa = PBXFileReference; lastKnownFileType = image.png; path = "icon-72.png"; sourceTree = "<group>"; };
		BEAB990218D9F8CA00E5090A /* icon-76-2x.png */ = {isa = PBXFileReference; lastKnownFileType = image.png; path = "icon-76-2x.png"; sourceTree = "<group>"; };
		BEAB990318D9F8CA00E5090A /* icon-76.png */ = {isa = PBXFileReference; lastKnownFileType = image.png; path = "icon-76.png"; sourceTree = "<group>"; };
		BEAB990418D9F8CA00E5090A /* icon-512-2x.png */ = {isa = PBXFileReference; lastKnownFileType = image.png; path = "icon-512-2x.png"; sourceTree = "<group>"; };
		BEAB990518D9F8CA00E5090A /* icon-512.png */ = {isa = PBXFileReference; lastKnownFileType = image.png; path = "icon-512.png"; sourceTree = "<group>"; };
		BEAB990618D9F8CA00E5090A /* icon-small-2x.png */ = {isa = PBXFileReference; lastKnownFileType = image.png; path = "icon-small-2x.png"; sourceTree = "<group>"; };
		BEAB990718D9F8CA00E5090A /* icon-small.png */ = {isa = PBXFileReference; lastKnownFileType = image.png; path = "icon-small.png"; sourceTree = "<group>"; };
		BEAB994B18DA924000E5090A /* Images.xcassets */ = {isa = PBXFileReference; lastKnownFileType = folder.assetcatalog; name = Images.xcassets; path = Carnegie/Images.xcassets; sourceTree = SOURCE_ROOT; };
		BEAB997018DD314900E5090A /* GAI.h */ = {isa = PBXFileReference; fileEncoding = 4; lastKnownFileType = sourcecode.c.h; name = GAI.h; path = ../../../../../../Downloads/GoogleAnalyticsServicesiOS_3.03c/GoogleAnalytics/Library/GAI.h; sourceTree = "<group>"; };
		BEAB997118DD314900E5090A /* GAIDictionaryBuilder.h */ = {isa = PBXFileReference; fileEncoding = 4; lastKnownFileType = sourcecode.c.h; name = GAIDictionaryBuilder.h; path = ../../../../../../Downloads/GoogleAnalyticsServicesiOS_3.03c/GoogleAnalytics/Library/GAIDictionaryBuilder.h; sourceTree = "<group>"; };
		BEAB997218DD314900E5090A /* GAIFields.h */ = {isa = PBXFileReference; fileEncoding = 4; lastKnownFileType = sourcecode.c.h; name = GAIFields.h; path = ../../../../../../Downloads/GoogleAnalyticsServicesiOS_3.03c/GoogleAnalytics/Library/GAIFields.h; sourceTree = "<group>"; };
		BEAB997318DD314900E5090A /* GAILogger.h */ = {isa = PBXFileReference; fileEncoding = 4; lastKnownFileType = sourcecode.c.h; name = GAILogger.h; path = ../../../../../../Downloads/GoogleAnalyticsServicesiOS_3.03c/GoogleAnalytics/Library/GAILogger.h; sourceTree = "<group>"; };
		BEAB997418DD314900E5090A /* GAITrackedViewController.h */ = {isa = PBXFileReference; fileEncoding = 4; lastKnownFileType = sourcecode.c.h; name = GAITrackedViewController.h; path = ../../../../../../Downloads/GoogleAnalyticsServicesiOS_3.03c/GoogleAnalytics/Library/GAITrackedViewController.h; sourceTree = "<group>"; };
		BEAB997518DD314900E5090A /* GAITracker.h */ = {isa = PBXFileReference; fileEncoding = 4; lastKnownFileType = sourcecode.c.h; name = GAITracker.h; path = ../../../../../../Downloads/GoogleAnalyticsServicesiOS_3.03c/GoogleAnalytics/Library/GAITracker.h; sourceTree = "<group>"; };
		BEAB997618DD314900E5090A /* libGoogleAnalyticsServices.a */ = {isa = PBXFileReference; lastKnownFileType = archive.ar; name = libGoogleAnalyticsServices.a; path = ../../../../../../Downloads/GoogleAnalyticsServicesiOS_3.03c/libGoogleAnalyticsServices.a; sourceTree = "<group>"; };
		BEAB999518DD46AD00E5090A /* Default-Portrait.png */ = {isa = PBXFileReference; lastKnownFileType = image.png; path = "Default-Portrait.png"; sourceTree = "<group>"; };
		BEAB999618DD46AD00E5090A /* Default@2x-Portrait.png */ = {isa = PBXFileReference; lastKnownFileType = image.png; path = "Default@2x-Portrait.png"; sourceTree = "<group>"; };
		BEAB999C18DD47DB00E5090A /* Default-Portrait-7.png */ = {isa = PBXFileReference; lastKnownFileType = image.png; path = "Default-Portrait-7.png"; sourceTree = "<group>"; };
		BEAB999D18DD47DB00E5090A /* Default@2x-Portrait-7.png */ = {isa = PBXFileReference; lastKnownFileType = image.png; path = "Default@2x-Portrait-7.png"; sourceTree = "<group>"; };
		BEAB99A218DD4FF900E5090A /* ru */ = {isa = PBXFileReference; lastKnownFileType = text.plist.strings; name = ru; path = ru.lproj/Localizable.strings; sourceTree = "<group>"; };
		BEAB99A318DD500300E5090A /* ar */ = {isa = PBXFileReference; lastKnownFileType = text.plist.strings; name = ar; path = ar.lproj/Localizable.strings; sourceTree = "<group>"; };
		BEAB99A418DD501500E5090A /* zh-Hans */ = {isa = PBXFileReference; lastKnownFileType = text.plist.strings; name = "zh-Hans"; path = "zh-Hans.lproj/Localizable.strings"; sourceTree = "<group>"; };
		D35BEFD3C369458F93C4E2C2 /* CDVNotification.m */ = {isa = PBXFileReference; fileEncoding = 4; lastKnownFileType = sourcecode.c.objc; name = CDVNotification.m; path = org.apache.cordova.dialogs/CDVNotification.m; sourceTree = "<group>"; };
		D4A0D8751607E02300AEF8BB /* Default-568h@2x~iphone.png */ = {isa = PBXFileReference; lastKnownFileType = image.png; path = "Default-568h@2x~iphone.png"; sourceTree = "<group>"; };
		D86D1A50FDB4461EBCC6E1EA /* MessageUI.framework */ = {isa = PBXFileReference; fileEncoding = 4; lastKnownFileType = wrapper.framework; name = MessageUI.framework; path = System/Library/Frameworks/MessageUI.framework; sourceTree = SDKROOT; };
		EB87FDF21871DA7A0020F90C /* merges */ = {isa = PBXFileReference; lastKnownFileType = folder; name = merges; path = ../../merges; sourceTree = "<group>"; };
		EB87FDF31871DA8E0020F90C /* www */ = {isa = PBXFileReference; lastKnownFileType = folder; name = www; path = ../../www; sourceTree = "<group>"; };
		EB87FDF41871DAF40020F90C /* config.xml */ = {isa = PBXFileReference; lastKnownFileType = text.xml; name = config.xml; path = ../../config.xml; sourceTree = "<group>"; };
		EDCE30D8B4454B14BF48ABD1 /* CDVNotification.bundle */ = {isa = PBXFileReference; lastKnownFileType = "wrapper.plug-in"; path = CDVNotification.bundle; sourceTree = "<group>"; };
		F0131F50C0F849ADA470CAE8 /* CDVConnection.m */ = {isa = PBXFileReference; fileEncoding = 4; lastKnownFileType = sourcecode.c.objc; name = CDVConnection.m; path = "org.apache.cordova.network-information/CDVConnection.m"; sourceTree = "<group>"; };
		F840E1F0165FE0F500CFE078 /* config.xml */ = {isa = PBXFileReference; lastKnownFileType = text.xml; name = config.xml; path = Carnegie/config.xml; sourceTree = "<group>"; };
		FDE6FC65C731475CA46C8A7B /* UniversalAnalyticsPlugin.h */ = {isa = PBXFileReference; fileEncoding = 4; lastKnownFileType = sourcecode.c.h; name = UniversalAnalyticsPlugin.h; path = com.danielcwilson.plugins.googleanalytics/UniversalAnalyticsPlugin.h; sourceTree = "<group>"; };
/* End PBXFileReference section */

/* Begin PBXFrameworksBuildPhase section */
		1D60588F0D05DD3D006BFB54 /* Frameworks */ = {
			isa = PBXFrameworksBuildPhase;
			buildActionMask = 2147483647;
			files = (
				5B1594DD16A7569C00FEF299 /* AssetsLibrary.framework in Frameworks */,
				301BF552109A68D80062928A /* libCordova.a in Frameworks */,
				288765FD0DF74451002DB57D /* CoreGraphics.framework in Frameworks */,
				BEAB997718DD314900E5090A /* libGoogleAnalyticsServices.a in Frameworks */,
				305D5FD1115AB8F900A74A75 /* MobileCoreServices.framework in Frameworks */,
				5AEE5B35173C68D80009041E /* CoreLocation.framework in Frameworks */,
				761EF253EB4E430D8741DCBA /* Social.framework in Frameworks */,
				CE1D1D9194554D54A7A1BC60 /* MessageUI.framework in Frameworks */,
				F94B2FBB7132495DAE96C34F /* AudioToolbox.framework in Frameworks */,
				FF0A24F765EB4CD5B19B5870 /* SystemConfiguration.framework in Frameworks */,
				484A052EBB6C46809558DDBF /* CoreData.framework in Frameworks */,
				6BC5864BEAD64A2593D9B322 /* AdSupport.framework in Frameworks */,
				B26815F5BB5C45BCA576FF5F /* libz.dylib in Frameworks */,
			);
			runOnlyForDeploymentPostprocessing = 0;
		};
/* End PBXFrameworksBuildPhase section */

/* Begin PBXGroup section */
		080E96DDFE201D6D7F000001 /* Classes */ = {
			isa = PBXGroup;
			children = (
				302D95EE14D2391D003F00A1 /* MainViewController.h */,
				302D95EF14D2391D003F00A1 /* MainViewController.m */,
				302D95F014D2391D003F00A1 /* MainViewController.xib */,
				1D3623240D0F684500981E51 /* AppDelegate.h */,
				1D3623250D0F684500981E51 /* AppDelegate.m */,
			);
			name = Classes;
			path = Carnegie/Classes;
			sourceTree = SOURCE_ROOT;
		};
		19C28FACFE9D520D11CA2CBB /* Products */ = {
			isa = PBXGroup;
			children = (
				1D6058910D05DD3D006BFB54 /* Carnegie.app */,
			);
			name = Products;
			sourceTree = "<group>";
		};
		1F766FDB13BBADB100FB74C0 /* en.lproj */ = {
			isa = PBXGroup;
			children = (
				1F766FDC13BBADB100FB74C0 /* Localizable.strings */,
			);
			path = en.lproj;
			sourceTree = "<group>";
		};
		29B97314FDCFA39411CA2CEA /* CustomTemplate */ = {
			isa = PBXGroup;
			children = (
				EB87FDF41871DAF40020F90C /* config.xml */,
				EB87FDF31871DA8E0020F90C /* www */,
				EB87FDF21871DA7A0020F90C /* merges */,
				EB87FDF11871DA420020F90C /* Staging */,
				301BF52D109A57CC0062928A /* CordovaLib.xcodeproj */,
				080E96DDFE201D6D7F000001 /* Classes */,
				307C750510C5A3420062BCA9 /* Plugins */,
				29B97315FDCFA39411CA2CEA /* Other Sources */,
				29B97317FDCFA39411CA2CEA /* Resources */,
				29B97323FDCFA39411CA2CEA /* Frameworks */,
				19C28FACFE9D520D11CA2CBB /* Products */,
			);
			name = CustomTemplate;
			sourceTree = "<group>";
		};
		29B97315FDCFA39411CA2CEA /* Other Sources */ = {
			isa = PBXGroup;
			children = (
				32CA4F630368D1EE00C91783 /* Carnegie-Prefix.pch */,
				29B97316FDCFA39411CA2CEA /* main.m */,
			);
			name = "Other Sources";
			path = Carnegie;
			sourceTree = "<group>";
		};
		29B97317FDCFA39411CA2CEA /* Resources */ = {
			isa = PBXGroup;
			children = (
				BEAB994B18DA924000E5090A /* Images.xcassets */,
				1F766FDB13BBADB100FB74C0 /* en.lproj */,
				308D052D1370CCF300D202BF /* icons */,
				308D05311370CCF300D202BF /* splash */,
				8D1107310486CEB800E47090 /* Carnegie-Info.plist */,
				EDCE30D8B4454B14BF48ABD1 /* CDVNotification.bundle */,
			);
			name = Resources;
			path = Carnegie/Resources;
			sourceTree = "<group>";
		};
		29B97323FDCFA39411CA2CEA /* Frameworks */ = {
			isa = PBXGroup;
			children = (
				5AEE5B34173C68D80009041E /* CoreLocation.framework */,
				5B1594DC16A7569C00FEF299 /* AssetsLibrary.framework */,
				288765FC0DF74451002DB57D /* CoreGraphics.framework */,
				305D5FD0115AB8F900A74A75 /* MobileCoreServices.framework */,
				2BBCA9CF35B14660B31FC767 /* Social.framework */,
				D86D1A50FDB4461EBCC6E1EA /* MessageUI.framework */,
				30B08D3826E5476F9F467454 /* AudioToolbox.framework */,
				431724F8700348CBAF6BBD47 /* SystemConfiguration.framework */,
				7CC114B5FBFA46B1A8420BD0 /* CoreData.framework */,
				305DDB06A4A7420094A20408 /* AdSupport.framework */,
				966E9F0CBBA9460488F1AC4B /* libz.dylib */,
			);
			name = Frameworks;
			sourceTree = "<group>";
		};
		301BF52E109A57CC0062928A /* Products */ = {
			isa = PBXGroup;
			children = (
				301BF535109A57CC0062928A /* libCordova.a */,
			);
			name = Products;
			sourceTree = "<group>";
		};
		307C750510C5A3420062BCA9 /* Plugins */ = {
			isa = PBXGroup;
			children = (
				BEAB997018DD314900E5090A /* GAI.h */,
				BEAB997118DD314900E5090A /* GAIDictionaryBuilder.h */,
				BEAB997218DD314900E5090A /* GAIFields.h */,
				BEAB997318DD314900E5090A /* GAILogger.h */,
				BEAB997418DD314900E5090A /* GAITrackedViewController.h */,
				BEAB997518DD314900E5090A /* GAITracker.h */,
				BEAB997618DD314900E5090A /* libGoogleAnalyticsServices.a */,
				7D6BF465CE934F55B8D5CFC3 /* SocialSharing.m */,
				84B9AC1E1D7B4F788207F0F7 /* SocialSharing.h */,
				D35BEFD3C369458F93C4E2C2 /* CDVNotification.m */,
				0A1C33188FD94996973B9156 /* CDVNotification.h */,
				155B9F475A7D4B4B9EFE9FEC /* CDVFile.m */,
				7DF9885EF259449B814FBD6D /* CDVLocalFilesystem.m */,
				79DBCC86F00B4E6E8A494CE6 /* CDVAssetLibraryFilesystem.m */,
				B41C194888FE461299E695F6 /* CDVFile.h */,
				4C5063D3F59542B7BBBAA88C /* CDVLocalFilesystem.h */,
				43316D3486654367BAC92628 /* CDVAssetLibraryFilesystem.h */,
				9FC75AC0FD914FC6BCDE11B6 /* CDVFileTransfer.m */,
				068F13A0836D41778FE5E8F3 /* CDVFileTransfer.h */,
				59DBEBDD181B4C90899EE0FA /* CDVInAppBrowser.m */,
				03727760328E403580BD4AE2 /* CDVInAppBrowser.h */,
				F0131F50C0F849ADA470CAE8 /* CDVConnection.m */,
				5C6C246E87B44A6B9E39B8A1 /* CDVReachability.m */,
				34ED2201D414484A9C8DC62E /* CDVConnection.h */,
				3F14F89C1AEF4EE6A23BF373 /* CDVReachability.h */,
				7F10094408DD47AD95F0D5A1 /* CDVSplashScreen.m */,
				973D658ACD0E47CC85F84DE3 /* CDVSplashScreen.h */,
				953F58DE3AE64A90A9715D94 /* CDVDevice.m */,
				A9A84DADCFF4422A9B3C2DED /* CDVDevice.h */,
				283714C30ABF418E99C43AC3 /* UniversalAnalyticsPlugin.m */,
				FDE6FC65C731475CA46C8A7B /* UniversalAnalyticsPlugin.h */,
			);
			name = Plugins;
			path = Carnegie/Plugins;
			sourceTree = SOURCE_ROOT;
		};
		308D052D1370CCF300D202BF /* icons */ = {
			isa = PBXGroup;
			children = (
				BEAB98F918D9F8CA00E5090A /* icon-40-2x.png */,
				BEAB98FA18D9F8CA00E5090A /* icon-40.png */,
				BEAB98FB18D9F8CA00E5090A /* icon-50-2x.png */,
				BEAB98FC18D9F8CA00E5090A /* icon-50.png */,
				BEAB98FD18D9F8CA00E5090A /* icon-57-2x.png */,
				BEAB98FE18D9F8CA00E5090A /* icon-57.png */,
				BEAB98FF18D9F8CA00E5090A /* icon-60-2x.png */,
				BEAB990018D9F8CA00E5090A /* icon-72-2x.png */,
				BEAB990118D9F8CA00E5090A /* icon-72.png */,
				BEAB990218D9F8CA00E5090A /* icon-76-2x.png */,
				BEAB990318D9F8CA00E5090A /* icon-76.png */,
				BEAB990418D9F8CA00E5090A /* icon-512-2x.png */,
				BEAB990518D9F8CA00E5090A /* icon-512.png */,
				BEAB990618D9F8CA00E5090A /* icon-small-2x.png */,
				BEAB990718D9F8CA00E5090A /* icon-small.png */,
			);
			path = icons;
			sourceTree = "<group>";
		};
		308D05311370CCF300D202BF /* splash */ = {
			isa = PBXGroup;
			children = (
				BEAB999C18DD47DB00E5090A /* Default-Portrait-7.png */,
				BEAB999D18DD47DB00E5090A /* Default@2x-Portrait-7.png */,
				BEAB999518DD46AD00E5090A /* Default-Portrait.png */,
				BEAB999618DD46AD00E5090A /* Default@2x-Portrait.png */,
				D4A0D8751607E02300AEF8BB /* Default-568h@2x~iphone.png */,
				3088BBBB154F3926009F9C59 /* Default@2x~iphone.png */,
				3088BBBC154F3926009F9C59 /* Default~iphone.png */,
			);
			path = splash;
			sourceTree = "<group>";
		};
		EB87FDF11871DA420020F90C /* Staging */ = {
			isa = PBXGroup;
			children = (
				F840E1F0165FE0F500CFE078 /* config.xml */,
				301BF56E109A69640062928A /* www */,
			);
			name = Staging;
			sourceTree = "<group>";
		};
/* End PBXGroup section */

/* Begin PBXNativeTarget section */
		1D6058900D05DD3D006BFB54 /* Carnegie */ = {
			isa = PBXNativeTarget;
			buildConfigurationList = 1D6058960D05DD3E006BFB54 /* Build configuration list for PBXNativeTarget "Carnegie" */;
			buildPhases = (
				304B58A110DAC018002A0835 /* Copy www directory */,
				1D60588D0D05DD3D006BFB54 /* Resources */,
				1D60588E0D05DD3D006BFB54 /* Sources */,
				1D60588F0D05DD3D006BFB54 /* Frameworks */,
			);
			buildRules = (
			);
			dependencies = (
				301BF551109A68C00062928A /* PBXTargetDependency */,
			);
			name = Carnegie;
			productName = Carnegie;
			productReference = 1D6058910D05DD3D006BFB54 /* Carnegie.app */;
			productType = "com.apple.product-type.application";
		};
/* End PBXNativeTarget section */

/* Begin PBXProject section */
		29B97313FDCFA39411CA2CEA /* Project object */ = {
			isa = PBXProject;
			attributes = {
				LastUpgradeCheck = 500;
				TargetAttributes = {
					1D6058900D05DD3D006BFB54 = {
						DevelopmentTeam = MWH3KV3U35;
					};
				};
			};
			buildConfigurationList = C01FCF4E08A954540054247B /* Build configuration list for PBXProject "Carnegie" */;
			compatibilityVersion = "Xcode 3.2";
			developmentRegion = English;
			hasScannedForEncodings = 1;
			knownRegions = (
				English,
				Japanese,
				French,
				German,
				en,
				es,
				de,
				se,
				ru,
				ar,
				"zh-Hans",
			);
			mainGroup = 29B97314FDCFA39411CA2CEA /* CustomTemplate */;
			projectDirPath = "";
			projectReferences = (
				{
					ProductGroup = 301BF52E109A57CC0062928A /* Products */;
					ProjectRef = 301BF52D109A57CC0062928A /* CordovaLib.xcodeproj */;
				},
			);
			projectRoot = "";
			targets = (
				1D6058900D05DD3D006BFB54 /* Carnegie */,
			);
		};
/* End PBXProject section */

/* Begin PBXReferenceProxy section */
		301BF535109A57CC0062928A /* libCordova.a */ = {
			isa = PBXReferenceProxy;
			fileType = archive.ar;
			path = libCordova.a;
			remoteRef = 301BF534109A57CC0062928A /* PBXContainerItemProxy */;
			sourceTree = BUILT_PRODUCTS_DIR;
		};
/* End PBXReferenceProxy section */

/* Begin PBXResourcesBuildPhase section */
		1D60588D0D05DD3D006BFB54 /* Resources */ = {
			isa = PBXResourcesBuildPhase;
			buildActionMask = 2147483647;
			files = (
				1F766FE113BBADB100FB74C0 /* Localizable.strings in Resources */,
				BEAB994C18DA924000E5090A /* Images.xcassets in Resources */,
				302D95F214D2391D003F00A1 /* MainViewController.xib in Resources */,
				BEAB990818D9F8CA00E5090A /* icon-40-2x.png in Resources */,
				BEAB990E18D9F8CA00E5090A /* icon-60-2x.png in Resources */,
				BEAB999718DD46AD00E5090A /* Default-Portrait.png in Resources */,
				BEAB991418D9F8CA00E5090A /* icon-512.png in Resources */,
				BEAB991518D9F8CA00E5090A /* icon-small-2x.png in Resources */,
				BEAB991018D9F8CA00E5090A /* icon-72.png in Resources */,
				BEAB990918D9F8CA00E5090A /* icon-40.png in Resources */,
				BEAB991118D9F8CA00E5090A /* icon-76-2x.png in Resources */,
				BEAB991318D9F8CA00E5090A /* icon-512-2x.png in Resources */,
				3088BBC1154F3926009F9C59 /* Default@2x~iphone.png in Resources */,
				BEAB991618D9F8CA00E5090A /* icon-small.png in Resources */,
				BEAB990C18D9F8CA00E5090A /* icon-57-2x.png in Resources */,
				BEAB999E18DD47DB00E5090A /* Default-Portrait-7.png in Resources */,
				BEAB990F18D9F8CA00E5090A /* icon-72-2x.png in Resources */,
				BEAB990D18D9F8CA00E5090A /* icon-57.png in Resources */,
				3088BBC2154F3926009F9C59 /* Default~iphone.png in Resources */,
				BEAB991218D9F8CA00E5090A /* icon-76.png in Resources */,
				BEAB990B18D9F8CA00E5090A /* icon-50.png in Resources */,
				BEAB999818DD46AD00E5090A /* Default@2x-Portrait.png in Resources */,
				BEAB999F18DD47DB00E5090A /* Default@2x-Portrait-7.png in Resources */,
				BEAB990A18D9F8CA00E5090A /* icon-50-2x.png in Resources */,
				D4A0D8761607E02300AEF8BB /* Default-568h@2x~iphone.png in Resources */,
				8F00455FFAF948F889D28C35 /* CDVNotification.bundle in Resources */,
			);
			runOnlyForDeploymentPostprocessing = 0;
		};
/* End PBXResourcesBuildPhase section */

/* Begin PBXShellScriptBuildPhase section */
		304B58A110DAC018002A0835 /* Copy www directory */ = {
			isa = PBXShellScriptBuildPhase;
			buildActionMask = 2147483647;
			files = (
			);
			inputPaths = (
			);
			name = "Copy www directory";
			outputPaths = (
			);
			runOnlyForDeploymentPostprocessing = 0;
			shellPath = /bin/sh;
			shellScript = "cordova/lib/copy-www-build-step.sh";
			showEnvVarsInLog = 0;
		};
/* End PBXShellScriptBuildPhase section */

/* Begin PBXSourcesBuildPhase section */
		1D60588E0D05DD3D006BFB54 /* Sources */ = {
			isa = PBXSourcesBuildPhase;
			buildActionMask = 2147483647;
			files = (
				1D60589B0D05DD56006BFB54 /* main.m in Sources */,
				1D3623260D0F684500981E51 /* AppDelegate.m in Sources */,
				302D95F114D2391D003F00A1 /* MainViewController.m in Sources */,
				2F9D6562ECD34AF4A1B87516 /* SocialSharing.m in Sources */,
				9581A50F35E24AC4A5BBECC1 /* CDVNotification.m in Sources */,
				E8D12CF725A74A7582E1AF3A /* CDVFile.m in Sources */,
				6444A702F6E244748C70FE4B /* CDVLocalFilesystem.m in Sources */,
				23FE06693FC54C11907E2B46 /* CDVAssetLibraryFilesystem.m in Sources */,
				869AFA8041FC444290D5A537 /* CDVFileTransfer.m in Sources */,
				24562C0AB8CB43B2AD4C1311 /* CDVInAppBrowser.m in Sources */,
				2EE40987AC954DA39C6D59F3 /* CDVConnection.m in Sources */,
				C9065F8306014C02B75214D5 /* CDVReachability.m in Sources */,
				8FECB4A5B271438E851C455A /* CDVSplashScreen.m in Sources */,
				CBF4C2B4EA094ACB9D1489EC /* CDVDevice.m in Sources */,
				79AE0EE21C6342E0AF2FB54C /* UniversalAnalyticsPlugin.m in Sources */,
			);
			runOnlyForDeploymentPostprocessing = 0;
		};
/* End PBXSourcesBuildPhase section */

/* Begin PBXTargetDependency section */
		301BF551109A68C00062928A /* PBXTargetDependency */ = {
			isa = PBXTargetDependency;
			name = CordovaLib;
			targetProxy = 301BF550109A68C00062928A /* PBXContainerItemProxy */;
		};
/* End PBXTargetDependency section */

/* Begin PBXVariantGroup section */
		1F766FDC13BBADB100FB74C0 /* Localizable.strings */ = {
			isa = PBXVariantGroup;
			children = (
				1F766FDD13BBADB100FB74C0 /* en */,
				BEAB99A218DD4FF900E5090A /* ru */,
				BEAB99A318DD500300E5090A /* ar */,
				BEAB99A418DD501500E5090A /* zh-Hans */,
			);
			name = Localizable.strings;
			sourceTree = "<group>";
		};
/* End PBXVariantGroup section */

/* Begin XCBuildConfiguration section */
		1D6058940D05DD3E006BFB54 /* Debug */ = {
			isa = XCBuildConfiguration;
			buildSettings = {
				ALWAYS_SEARCH_USER_PATHS = NO;
				ASSETCATALOG_COMPILER_APPICON_NAME = AppIcon;
				ASSETCATALOG_COMPILER_LAUNCHIMAGE_NAME = LaunchImage;
				CLANG_ENABLE_OBJC_ARC = YES;
				CODE_SIGN_IDENTITY = "iPhone Developer";
				COMPRESS_PNG_FILES = NO;
				COPY_PHASE_STRIP = NO;
				GCC_DYNAMIC_NO_PIC = NO;
				GCC_OPTIMIZATION_LEVEL = 0;
				GCC_PRECOMPILE_PREFIX_HEADER = YES;
				GCC_PREFIX_HEADER = "Carnegie/Carnegie-Prefix.pch";
				GCC_THUMB_SUPPORT = NO;
				GCC_VERSION = "";
				INFOPLIST_FILE = "Carnegie/Carnegie-Info.plist";
				IPHONEOS_DEPLOYMENT_TARGET = 6.0;
				LIBRARY_SEARCH_PATHS = (
					"$(inherited)",
					/Users/kirkelliott/Downloads/GoogleAnalyticsServicesiOS_3.03c,
				);
				OTHER_LDFLAGS = (
					"-weak_framework",
					CoreFoundation,
					"-weak_framework",
					UIKit,
					"-weak_framework",
					AVFoundation,
					"-weak_framework",
					CoreMedia,
					"-weak-lSystem",
					"-force_load",
					"\"$(BUILT_PRODUCTS_DIR)/libCordova.a\"",
					"-ObjC",
				);
				PRODUCT_NAME = Carnegie;
				TARGETED_DEVICE_FAMILY = "1,2";
			};
			name = Debug;
		};
		1D6058950D05DD3E006BFB54 /* Release */ = {
			isa = XCBuildConfiguration;
			buildSettings = {
				ALWAYS_SEARCH_USER_PATHS = NO;
				ASSETCATALOG_COMPILER_APPICON_NAME = AppIcon;
				ASSETCATALOG_COMPILER_LAUNCHIMAGE_NAME = LaunchImage;
				CLANG_ENABLE_OBJC_ARC = YES;
				CODE_SIGN_IDENTITY = "iPhone Developer";
				COMPRESS_PNG_FILES = NO;
				COPY_PHASE_STRIP = YES;
				GCC_PRECOMPILE_PREFIX_HEADER = YES;
				GCC_PREFIX_HEADER = "Carnegie/Carnegie-Prefix.pch";
				GCC_THUMB_SUPPORT = NO;
				GCC_VERSION = "";
				INFOPLIST_FILE = "Carnegie/Carnegie-Info.plist";
				IPHONEOS_DEPLOYMENT_TARGET = 6.0;
				LIBRARY_SEARCH_PATHS = (
					"$(inherited)",
					/Users/kirkelliott/Downloads/GoogleAnalyticsServicesiOS_3.03c,
				);
				OTHER_LDFLAGS = (
					"-weak_framework",
					CoreFoundation,
					"-weak_framework",
					UIKit,
					"-weak_framework",
					AVFoundation,
					"-weak_framework",
					CoreMedia,
					"-weak-lSystem",
					"-force_load",
					"\"$(BUILT_PRODUCTS_DIR)/libCordova.a\"",
					"-ObjC",
				);
				PRODUCT_NAME = Carnegie;
				TARGETED_DEVICE_FAMILY = "1,2";
			};
			name = Release;
		};
		C01FCF4F08A954540054247B /* Debug */ = {
			isa = XCBuildConfiguration;
			buildSettings = {
				CLANG_ENABLE_OBJC_ARC = YES;
				CLANG_WARN_BOOL_CONVERSION = YES;
				CLANG_WARN_CONSTANT_CONVERSION = YES;
				CLANG_WARN_EMPTY_BODY = YES;
				CLANG_WARN_ENUM_CONVERSION = YES;
				CLANG_WARN_INT_CONVERSION = YES;
				CLANG_WARN__DUPLICATE_METHOD_MATCH = YES;
				"CODE_SIGN_ENTITLEMENTS[sdk=*]" = "";
				CODE_SIGN_IDENTITY = "iPhone Developer: Tim Martin (G3826TZT4X)";
				"CODE_SIGN_IDENTITY[sdk=iphoneos*]" = "iPhone Developer";
				GCC_C_LANGUAGE_STANDARD = c99;
				GCC_THUMB_SUPPORT = NO;
				GCC_VERSION = "";
				GCC_WARN_ABOUT_RETURN_TYPE = YES;
				GCC_WARN_UNDECLARED_SELECTOR = YES;
				GCC_WARN_UNINITIALIZED_AUTOS = YES;
				GCC_WARN_UNUSED_FUNCTION = YES;
				GCC_WARN_UNUSED_VARIABLE = YES;
				HEADER_SEARCH_PATHS = (
					"\"$(TARGET_BUILD_DIR)/usr/local/lib/include\"",
					"\"$(OBJROOT)/UninstalledProducts/include\"",
					"\"$(BUILT_PRODUCTS_DIR)\"",
				);
				IPHONEOS_DEPLOYMENT_TARGET = 5.0;
				ONLY_ACTIVE_ARCH = YES;
				OTHER_LDFLAGS = (
					"-weak_framework",
					CoreFoundation,
					"-weak_framework",
					UIKit,
					"-weak_framework",
					AVFoundation,
					"-weak_framework",
					CoreMedia,
					"-weak-lSystem",
					"-force_load",
					"\"$(BUILT_PRODUCTS_DIR)/libCordova.a\"",
					"-ObjC",
				);
				SDKROOT = iphoneos;
				SKIP_INSTALL = NO;
				USER_HEADER_SEARCH_PATHS = "";
			};
			name = Debug;
		};
		C01FCF5008A954540054247B /* Release */ = {
			isa = XCBuildConfiguration;
			buildSettings = {
				CLANG_ENABLE_OBJC_ARC = YES;
				CLANG_WARN_BOOL_CONVERSION = YES;
				CLANG_WARN_CONSTANT_CONVERSION = YES;
				CLANG_WARN_EMPTY_BODY = YES;
				CLANG_WARN_ENUM_CONVERSION = YES;
				CLANG_WARN_INT_CONVERSION = YES;
				CLANG_WARN__DUPLICATE_METHOD_MATCH = YES;
				CODE_SIGN_IDENTITY = "iPhone Developer: Tim Martin (G3826TZT4X)";
				"CODE_SIGN_IDENTITY[sdk=iphoneos*]" = "iPhone Developer";
				GCC_C_LANGUAGE_STANDARD = c99;
				GCC_THUMB_SUPPORT = NO;
				GCC_VERSION = "";
				GCC_WARN_ABOUT_RETURN_TYPE = YES;
				GCC_WARN_UNDECLARED_SELECTOR = YES;
				GCC_WARN_UNINITIALIZED_AUTOS = YES;
				GCC_WARN_UNUSED_FUNCTION = YES;
				GCC_WARN_UNUSED_VARIABLE = YES;
				HEADER_SEARCH_PATHS = (
					"\"$(TARGET_BUILD_DIR)/usr/local/lib/include\"",
					"\"$(OBJROOT)/UninstalledProducts/include\"",
					"\"$(BUILT_PRODUCTS_DIR)\"",
				);
				IPHONEOS_DEPLOYMENT_TARGET = 5.0;
				OTHER_LDFLAGS = (
					"-weak_framework",
					CoreFoundation,
					"-weak_framework",
					UIKit,
					"-weak_framework",
					AVFoundation,
					"-weak_framework",
					CoreMedia,
					"-weak-lSystem",
					"-force_load",
					"\"$(BUILT_PRODUCTS_DIR)/libCordova.a\"",
					"-ObjC",
				);
				SDKROOT = iphoneos;
				SKIP_INSTALL = NO;
				USER_HEADER_SEARCH_PATHS = "";
			};
			name = Release;
		};
/* End XCBuildConfiguration section */

/* Begin XCConfigurationList section */
		1D6058960D05DD3E006BFB54 /* Build configuration list for PBXNativeTarget "Carnegie" */ = {
			isa = XCConfigurationList;
			buildConfigurations = (
				1D6058940D05DD3E006BFB54 /* Debug */,
				1D6058950D05DD3E006BFB54 /* Release */,
			);
			defaultConfigurationIsVisible = 0;
			defaultConfigurationName = Release;
		};
		C01FCF4E08A954540054247B /* Build configuration list for PBXProject "Carnegie" */ = {
			isa = XCConfigurationList;
			buildConfigurations = (
				C01FCF4F08A954540054247B /* Debug */,
				C01FCF5008A954540054247B /* Release */,
			);
			defaultConfigurationIsVisible = 0;
			defaultConfigurationName = Release;
		};
/* End XCConfigurationList section */
	};
	rootObject = 29B97313FDCFA39411CA2CEA /* Project object */;
}
